
Microsoft Visual Studio Solution File, Format Version 12.00
# Visual Studio Version 16
VisualStudioVersion = 16.0.32413.511
MinimumVisualStudioVersion = 10.0.40219.1
Project("{8BC9CEB8-8B4A-11D0-8D11-00A0C91BC942}") = "HJ0", "HJ0\HJ0.vcxproj", "{B43B34A2-FF09-4726-949F-56A7A4A88F72}"
EndProject
Project("{8BC9CEB8-8B4A-11D0-8D11-00A0C91BC942}") = "HJ1 字符串最后一个单词的长度", "HJ1 字符串最后一个单词的长度\HJ1 字符串最后一个单词的长度.vcxproj", "{2FB546A8-B542-43AC-9747-A02A528BC93E}"
EndProject
Project("{8BC9CEB8-8B4A-11D0-8D11-00A0C91BC942}") = "HJ2 计算某字符出现的次数", "HJ2 计算某字符出现的次数\HJ2 计算某字符出现的次数.vcxproj", "{D6140DEE-3FE4-4571-8AFD-C40E5AA2D95E}"
EndProject
Project("{8BC9CEB8-8B4A-11D0-8D11-00A0C91BC942}") = "HJ3 明明的随机数", "HJ3 明明的随机数\HJ3 明明的随机数.vcxproj", "{FCE24126-1062-4ABE-903F-729624A55165}"
EndProject
Project("{8BC9CEB8-8B4A-11D0-8D11-00A0C91BC942}") = "HJ4 字符串分割", "HJ4 字符串分割\HJ4 字符串分割.vcxproj", "{F7F92A26-A4E7-46E5-9F94-C55B6061910E}"
EndProject
Project("{8BC9CEB8-8B4A-11D0-8D11-00A0C91BC942}") = "HJ5 进制转换", "HJ5进制转换\HJ5进制转换.vcxproj", "{20FFC792-5858-4098-9AB0-54E3014DF9E7}"
EndProject
Project("{8BC9CEB8-8B4A-11D0-8D11-00A0C91BC942}") = "HJ6 质数因子", "HJ6 质数因子\HJ6 质数因子.vcxproj", "{1B5754A0-FF1B-475B-ADDE-F5BEB074463F}"
EndProject
Project("{8BC9CEB8-8B4A-11D0-8D11-00A0C91BC942}") = "HJ7 取近似值", "HJ7 取近似值\HJ7 取近似值.vcxproj", "{CB6ACEFF-80D7-4D3A-BAA7-896617920617}"
EndProject
Project("{8BC9CEB8-8B4A-11D0-8D11-00A0C91BC942}") = "HJ8 合并表记录", "HJ8 合并表记录\HJ8 合并表记录.vcxproj", "{3DA38194-C649-4934-AFF4-9FBE8CB1B641}"
EndProject
Project("{8BC9CEB8-8B4A-11D0-8D11-00A0C91BC942}") = "HJ9 提取不重复的整数", "HJ9 提取不重复的整数\HJ9 提取不重复的整数.vcxproj", "{CDBA7D58-A4AB-4269-B48A-7EE42475C79F}"
EndProject
Project("{8BC9CEB8-8B4A-11D0-8D11-00A0C91BC942}") = "HJ10 字符个数统计", "HJ10 字符个数统计\HJ10 字符个数统计.vcxproj", "{1F80FEBB-2A9D-4C2E-8B66-18E5A8C4CBB4}"
EndProject
Project("{8BC9CEB8-8B4A-11D0-8D11-00A0C91BC942}") = "HJ11 数字颠倒", "HJ11 数字颠倒\HJ11 数字颠倒.vcxproj", "{5CFD0154-68C4-4FE2-8D9D-75D2C99112ED}"
EndProject
Project("{8BC9CEB8-8B4A-11D0-8D11-00A0C91BC942}") = "HJ12 字符串反转", "HJ12 字符串反转\HJ12 字符串反转.vcxproj", "{85CFF4D1-14F4-4643-9FC4-845E9BB85372}"
EndProject
Project("{8BC9CEB8-8B4A-11D0-8D11-00A0C91BC942}") = "HJ13句子逆序", "HJ13句子逆序\HJ13句子逆序.vcxproj", "{F477B91D-E95F-4CBD-BC07-33BAD17C69F0}"
EndProject
Project("{8BC9CEB8-8B4A-11D0-8D11-00A0C91BC942}") = "HJ14 字符串排序", "HJ14 字符串排序\HJ14 字符串排序.vcxproj", "{7C97FF87-5BE1-4617-ACE6-82622F4E625D}"
EndProject
Project("{8BC9CEB8-8B4A-11D0-8D11-00A0C91BC942}") = "排序算法", "排序算法\排序算法.vcxproj", "{90F7A77A-DA28-40EA-875E-46682BCF73EE}"
EndProject
Project("{8BC9CEB8-8B4A-11D0-8D11-00A0C91BC942}") = "HJ15 求int型正整数在内存中存储的1的个数", "HJ15 求int型正整数在内存中存储的1的个数\HJ15 求int型正整数在内存中存储的1的个数.vcxproj", "{C284957B-6D22-46F4-A4A5-8689437FEFC9}"
EndProject
Global
	GlobalSection(SolutionConfigurationPlatforms) = preSolution
		Debug|x64 = Debug|x64
		Debug|x86 = Debug|x86
		Release|x64 = Release|x64
		Release|x86 = Release|x86
	EndGlobalSection
	GlobalSection(ProjectConfigurationPlatforms) = postSolution
		{B43B34A2-FF09-4726-949F-56A7A4A88F72}.Debug|x64.ActiveCfg = Debug|x64
		{B43B34A2-FF09-4726-949F-56A7A4A88F72}.Debug|x64.Build.0 = Debug|x64
		{B43B34A2-FF09-4726-949F-56A7A4A88F72}.Debug|x86.ActiveCfg = Debug|Win32
		{B43B34A2-FF09-4726-949F-56A7A4A88F72}.Debug|x86.Build.0 = Debug|Win32
		{B43B34A2-FF09-4726-949F-56A7A4A88F72}.Release|x64.ActiveCfg = Release|x64
		{B43B34A2-FF09-4726-949F-56A7A4A88F72}.Release|x64.Build.0 = Release|x64
		{B43B34A2-FF09-4726-949F-56A7A4A88F72}.Release|x86.ActiveCfg = Release|Win32
		{B43B34A2-FF09-4726-949F-56A7A4A88F72}.Release|x86.Build.0 = Release|Win32
		{2FB546A8-B542-43AC-9747-A02A528BC93E}.Debug|x64.ActiveCfg = Debug|x64
		{2FB546A8-B542-43AC-9747-A02A528BC93E}.Debug|x64.Build.0 = Debug|x64
		{2FB546A8-B542-43AC-9747-A02A528BC93E}.Debug|x86.ActiveCfg = Debug|Win32
		{2FB546A8-B542-43AC-9747-A02A528BC93E}.Debug|x86.Build.0 = Debug|Win32
		{2FB546A8-B542-43AC-9747-A02A528BC93E}.Release|x64.ActiveCfg = Release|x64
		{2FB546A8-B542-43AC-9747-A02A528BC93E}.Release|x64.Build.0 = Release|x64
		{2FB546A8-B542-43AC-9747-A02A528BC93E}.Release|x86.ActiveCfg = Release|Win32
		{2FB546A8-B542-43AC-9747-A02A528BC93E}.Release|x86.Build.0 = Release|Win32
		{D6140DEE-3FE4-4571-8AFD-C40E5AA2D95E}.Debug|x64.ActiveCfg = Debug|x64
		{D6140DEE-3FE4-4571-8AFD-C40E5AA2D95E}.Debug|x64.Build.0 = Debug|x64
		{D6140DEE-3FE4-4571-8AFD-C40E5AA2D95E}.Debug|x86.ActiveCfg = Debug|Win32
		{D6140DEE-3FE4-4571-8AFD-C40E5AA2D95E}.Debug|x86.Build.0 = Debug|Win32
		{D6140DEE-3FE4-4571-8AFD-C40E5AA2D95E}.Release|x64.ActiveCfg = Release|x64
		{D6140DEE-3FE4-4571-8AFD-C40E5AA2D95E}.Release|x64.Build.0 = Release|x64
		{D6140DEE-3FE4-4571-8AFD-C40E5AA2D95E}.Release|x86.ActiveCfg = Release|Win32
		{D6140DEE-3FE4-4571-8AFD-C40E5AA2D95E}.Release|x86.Build.0 = Release|Win32
		{FCE24126-1062-4ABE-903F-729624A55165}.Debug|x64.ActiveCfg = Debug|x64
		{FCE24126-1062-4ABE-903F-729624A55165}.Debug|x64.Build.0 = Debug|x64
		{FCE24126-1062-4ABE-903F-729624A55165}.Debug|x86.ActiveCfg = Debug|Win32
		{FCE24126-1062-4ABE-903F-729624A55165}.Debug|x86.Build.0 = Debug|Win32
		{FCE24126-1062-4ABE-903F-729624A55165}.Release|x64.ActiveCfg = Release|x64
		{FCE24126-1062-4ABE-903F-729624A55165}.Release|x64.Build.0 = Release|x64
		{FCE24126-1062-4ABE-903F-729624A55165}.Release|x86.ActiveCfg = Release|Win32
		{FCE24126-1062-4ABE-903F-729624A55165}.Release|x86.Build.0 = Release|Win32
		{F7F92A26-A4E7-46E5-9F94-C55B6061910E}.Debug|x64.ActiveCfg = Debug|x64
		{F7F92A26-A4E7-46E5-9F94-C55B6061910E}.Debug|x64.Build.0 = Debug|x64
		{F7F92A26-A4E7-46E5-9F94-C55B6061910E}.Debug|x86.ActiveCfg = Debug|Win32
		{F7F92A26-A4E7-46E5-9F94-C55B6061910E}.Debug|x86.Build.0 = Debug|Win32
		{F7F92A26-A4E7-46E5-9F94-C55B6061910E}.Release|x64.ActiveCfg = Release|x64
		{F7F92A26-A4E7-46E5-9F94-C55B6061910E}.Release|x64.Build.0 = Release|x64
		{F7F92A26-A4E7-46E5-9F94-C55B6061910E}.Release|x86.ActiveCfg = Release|Win32
		{F7F92A26-A4E7-46E5-9F94-C55B6061910E}.Release|x86.Build.0 = Release|Win32
		{20FFC792-5858-4098-9AB0-54E3014DF9E7}.Debug|x64.ActiveCfg = Debug|x64
		{20FFC792-5858-4098-9AB0-54E3014DF9E7}.Debug|x64.Build.0 = Debug|x64
		{20FFC792-5858-4098-9AB0-54E3014DF9E7}.Debug|x86.ActiveCfg = Debug|Win32
		{20FFC792-5858-4098-9AB0-54E3014DF9E7}.Debug|x86.Build.0 = Debug|Win32
		{20FFC792-5858-4098-9AB0-54E3014DF9E7}.Release|x64.ActiveCfg = Release|x64
		{20FFC792-5858-4098-9AB0-54E3014DF9E7}.Release|x64.Build.0 = Release|x64
		{20FFC792-5858-4098-9AB0-54E3014DF9E7}.Release|x86.ActiveCfg = Release|Win32
		{20FFC792-5858-4098-9AB0-54E3014DF9E7}.Release|x86.Build.0 = Release|Win32
		{1B5754A0-FF1B-475B-ADDE-F5BEB074463F}.Debug|x64.ActiveCfg = Debug|x64
		{1B5754A0-FF1B-475B-ADDE-F5BEB074463F}.Debug|x64.Build.0 = Debug|x64
		{1B5754A0-FF1B-475B-ADDE-F5BEB074463F}.Debug|x86.ActiveCfg = Debug|Win32
		{1B5754A0-FF1B-475B-ADDE-F5BEB074463F}.Debug|x86.Build.0 = Debug|Win32
		{1B5754A0-FF1B-475B-ADDE-F5BEB074463F}.Release|x64.ActiveCfg = Release|x64
		{1B5754A0-FF1B-475B-ADDE-F5BEB074463F}.Release|x64.Build.0 = Release|x64
		{1B5754A0-FF1B-475B-ADDE-F5BEB074463F}.Release|x86.ActiveCfg = Release|Win32
		{1B5754A0-FF1B-475B-ADDE-F5BEB074463F}.Release|x86.Build.0 = Release|Win32
		{CB6ACEFF-80D7-4D3A-BAA7-896617920617}.Debug|x64.ActiveCfg = Debug|x64
		{CB6ACEFF-80D7-4D3A-BAA7-896617920617}.Debug|x64.Build.0 = Debug|x64
		{CB6ACEFF-80D7-4D3A-BAA7-896617920617}.Debug|x86.ActiveCfg = Debug|Win32
		{CB6ACEFF-80D7-4D3A-BAA7-896617920617}.Debug|x86.Build.0 = Debug|Win32
		{CB6ACEFF-80D7-4D3A-BAA7-896617920617}.Release|x64.ActiveCfg = Release|x64
		{CB6ACEFF-80D7-4D3A-BAA7-896617920617}.Release|x64.Build.0 = Release|x64
		{CB6ACEFF-80D7-4D3A-BAA7-896617920617}.Release|x86.ActiveCfg = Release|Win32
		{CB6ACEFF-80D7-4D3A-BAA7-896617920617}.Release|x86.Build.0 = Release|Win32
		{3DA38194-C649-4934-AFF4-9FBE8CB1B641}.Debug|x64.ActiveCfg = Debug|x64
		{3DA38194-C649-4934-AFF4-9FBE8CB1B641}.Debug|x64.Build.0 = Debug|x64
		{3DA38194-C649-4934-AFF4-9FBE8CB1B641}.Debug|x86.ActiveCfg = Debug|Win32
		{3DA38194-C649-4934-AFF4-9FBE8CB1B641}.Debug|x86.Build.0 = Debug|Win32
		{3DA38194-C649-4934-AFF4-9FBE8CB1B641}.Release|x64.ActiveCfg = Release|x64
		{3DA38194-C649-4934-AFF4-9FBE8CB1B641}.Release|x64.Build.0 = Release|x64
		{3DA38194-C649-4934-AFF4-9FBE8CB1B641}.Release|x86.ActiveCfg = Release|Win32
		{3DA38194-C649-4934-AFF4-9FBE8CB1B641}.Release|x86.Build.0 = Release|Win32
		{CDBA7D58-A4AB-4269-B48A-7EE42475C79F}.Debug|x64.ActiveCfg = Debug|x64
		{CDBA7D58-A4AB-4269-B48A-7EE42475C79F}.Debug|x64.Build.0 = Debug|x64
		{CDBA7D58-A4AB-4269-B48A-7EE42475C79F}.Debug|x86.ActiveCfg = Debug|Win32
		{CDBA7D58-A4AB-4269-B48A-7EE42475C79F}.Debug|x86.Build.0 = Debug|Win32
		{CDBA7D58-A4AB-4269-B48A-7EE42475C79F}.Release|x64.ActiveCfg = Release|x64
		{CDBA7D58-A4AB-4269-B48A-7EE42475C79F}.Release|x64.Build.0 = Release|x64
		{CDBA7D58-A4AB-4269-B48A-7EE42475C79F}.Release|x86.ActiveCfg = Release|Win32
		{CDBA7D58-A4AB-4269-B48A-7EE42475C79F}.Release|x86.Build.0 = Release|Win32
		{1F80FEBB-2A9D-4C2E-8B66-18E5A8C4CBB4}.Debug|x64.ActiveCfg = Debug|x64
		{1F80FEBB-2A9D-4C2E-8B66-18E5A8C4CBB4}.Debug|x64.Build.0 = Debug|x64
		{1F80FEBB-2A9D-4C2E-8B66-18E5A8C4CBB4}.Debug|x86.ActiveCfg = Debug|Win32
		{1F80FEBB-2A9D-4C2E-8B66-18E5A8C4CBB4}.Debug|x86.Build.0 = Debug|Win32
		{1F80FEBB-2A9D-4C2E-8B66-18E5A8C4CBB4}.Release|x64.ActiveCfg = Release|x64
		{1F80FEBB-2A9D-4C2E-8B66-18E5A8C4CBB4}.Release|x64.Build.0 = Release|x64
		{1F80FEBB-2A9D-4C2E-8B66-18E5A8C4CBB4}.Release|x86.ActiveCfg = Release|Win32
		{1F80FEBB-2A9D-4C2E-8B66-18E5A8C4CBB4}.Release|x86.Build.0 = Release|Win32
		{5CFD0154-68C4-4FE2-8D9D-75D2C99112ED}.Debug|x64.ActiveCfg = Debug|x64
		{5CFD0154-68C4-4FE2-8D9D-75D2C99112ED}.Debug|x64.Build.0 = Debug|x64
		{5CFD0154-68C4-4FE2-8D9D-75D2C99112ED}.Debug|x86.ActiveCfg = Debug|Win32
		{5CFD0154-68C4-4FE2-8D9D-75D2C99112ED}.Debug|x86.Build.0 = Debug|Win32
		{5CFD0154-68C4-4FE2-8D9D-75D2C99112ED}.Release|x64.ActiveCfg = Release|x64
		{5CFD0154-68C4-4FE2-8D9D-75D2C99112ED}.Release|x64.Build.0 = Release|x64
		{5CFD0154-68C4-4FE2-8D9D-75D2C99112ED}.Release|x86.ActiveCfg = Release|Win32
		{5CFD0154-68C4-4FE2-8D9D-75D2C99112ED}.Release|x86.Build.0 = Release|Win32
		{85CFF4D1-14F4-4643-9FC4-845E9BB85372}.Debug|x64.ActiveCfg = Debug|x64
		{85CFF4D1-14F4-4643-9FC4-845E9BB85372}.Debug|x64.Build.0 = Debug|x64
		{85CFF4D1-14F4-4643-9FC4-845E9BB85372}.Debug|x86.ActiveCfg = Debug|Win32
		{85CFF4D1-14F4-4643-9FC4-845E9BB85372}.Debug|x86.Build.0 = Debug|Win32
		{85CFF4D1-14F4-4643-9FC4-845E9BB85372}.Release|x64.ActiveCfg = Release|x64
		{85CFF4D1-14F4-4643-9FC4-845E9BB85372}.Release|x64.Build.0 = Release|x64
		{85CFF4D1-14F4-4643-9FC4-845E9BB85372}.Release|x86.ActiveCfg = Release|Win32
		{85CFF4D1-14F4-4643-9FC4-845E9BB85372}.Release|x86.Build.0 = Release|Win32
		{F477B91D-E95F-4CBD-BC07-33BAD17C69F0}.Debug|x64.ActiveCfg = Debug|x64
		{F477B91D-E95F-4CBD-BC07-33BAD17C69F0}.Debug|x64.Build.0 = Debug|x64
		{F477B91D-E95F-4CBD-BC07-33BAD17C69F0}.Debug|x86.ActiveCfg = Debug|Win32
		{F477B91D-E95F-4CBD-BC07-33BAD17C69F0}.Debug|x86.Build.0 = Debug|Win32
		{F477B91D-E95F-4CBD-BC07-33BAD17C69F0}.Release|x64.ActiveCfg = Release|x64
		{F477B91D-E95F-4CBD-BC07-33BAD17C69F0}.Release|x64.Build.0 = Release|x64
		{F477B91D-E95F-4CBD-BC07-33BAD17C69F0}.Release|x86.ActiveCfg = Release|Win32
		{F477B91D-E95F-4CBD-BC07-33BAD17C69F0}.Release|x86.Build.0 = Release|Win32
		{7C97FF87-5BE1-4617-ACE6-82622F4E625D}.Debug|x64.ActiveCfg = Debug|x64
		{7C97FF87-5BE1-4617-ACE6-82622F4E625D}.Debug|x64.Build.0 = Debug|x64
		{7C97FF87-5BE1-4617-ACE6-82622F4E625D}.Debug|x86.ActiveCfg = Debug|Win32
		{7C97FF87-5BE1-4617-ACE6-82622F4E625D}.Debug|x86.Build.0 = Debug|Win32
		{7C97FF87-5BE1-4617-ACE6-82622F4E625D}.Release|x64.ActiveCfg = Release|x64
		{7C97FF87-5BE1-4617-ACE6-82622F4E625D}.Release|x64.Build.0 = Release|x64
		{7C97FF87-5BE1-4617-ACE6-82622F4E625D}.Release|x86.ActiveCfg = Release|Win32
		{7C97FF87-5BE1-4617-ACE6-82622F4E625D}.Release|x86.Build.0 = Release|Win32
		{90F7A77A-DA28-40EA-875E-46682BCF73EE}.Debug|x64.ActiveCfg = Debug|x64
		{90F7A77A-DA28-40EA-875E-46682BCF73EE}.Debug|x64.Build.0 = Debug|x64
		{90F7A77A-DA28-40EA-875E-46682BCF73EE}.Debug|x86.ActiveCfg = Debug|Win32
		{90F7A77A-DA28-40EA-875E-46682BCF73EE}.Debug|x86.Build.0 = Debug|Win32
		{90F7A77A-DA28-40EA-875E-46682BCF73EE}.Release|x64.ActiveCfg = Release|x64
		{90F7A77A-DA28-40EA-875E-46682BCF73EE}.Release|x64.Build.0 = Release|x64
		{90F7A77A-DA28-40EA-875E-46682BCF73EE}.Release|x86.ActiveCfg = Release|Win32
		{90F7A77A-DA28-40EA-875E-46682BCF73EE}.Release|x86.Build.0 = Release|Win32
		{C284957B-6D22-46F4-A4A5-8689437FEFC9}.Debug|x64.ActiveCfg = Debug|x64
		{C284957B-6D22-46F4-A4A5-8689437FEFC9}.Debug|x64.Build.0 = Debug|x64
		{C284957B-6D22-46F4-A4A5-8689437FEFC9}.Debug|x86.ActiveCfg = Debug|Win32
		{C284957B-6D22-46F4-A4A5-8689437FEFC9}.Debug|x86.Build.0 = Debug|Win32
		{C284957B-6D22-46F4-A4A5-8689437FEFC9}.Release|x64.ActiveCfg = Release|x64
		{C284957B-6D22-46F4-A4A5-8689437FEFC9}.Release|x64.Build.0 = Release|x64
		{C284957B-6D22-46F4-A4A5-8689437FEFC9}.Release|x86.ActiveCfg = Release|Win32
		{C284957B-6D22-46F4-A4A5-8689437FEFC9}.Release|x86.Build.0 = Release|Win32
	EndGlobalSection
	GlobalSection(SolutionProperties) = preSolution
		HideSolutionNode = FALSE
	EndGlobalSection
	GlobalSection(ExtensibilityGlobals) = postSolution
		SolutionGuid = {4C145121-AEC5-41CB-AEE0-5173D8F9EB68}
	EndGlobalSection
EndGlobal
