
Microsoft Visual Studio Solution File, Format Version 12.00
# Visual Studio Version 16
VisualStudioVersion = 16.0.32413.511
MinimumVisualStudioVersion = 10.0.40219.1
Project("{8BC9CEB8-8B4A-11D0-8D11-00A0C91BC942}") = "HJ0", "HJ0\HJ0.vcxproj", "{B43B34A2-FF09-4726-949F-56A7A4A88F72}"
EndProject
Project("{8BC9CEB8-8B4A-11D0-8D11-00A0C91BC942}") = "HJ1 字符串最后一个单词的长度", "HJ1 字符串最后一个单词的长度\HJ1 字符串最后一个单词的长度.vcxproj", "{2FB546A8-B542-43AC-9747-A02A528BC93E}"
EndProject
Project("{8BC9CEB8-8B4A-11D0-8D11-00A0C91BC942}") = "HJ2 计算某字符出现的次数", "HJ2 计算某字符出现的次数\HJ2 计算某字符出现的次数.vcxproj", "{D6140DEE-3FE4-4571-8AFD-C40E5AA2D95E}"
EndProject
Project("{8BC9CEB8-8B4A-11D0-8D11-00A0C91BC942}") = "HJ3 明明的随机数", "HJ3 明明的随机数\HJ3 明明的随机数.vcxproj", "{FCE24126-1062-4ABE-903F-729624A55165}"
EndProject
Project("{8BC9CEB8-8B4A-11D0-8D11-00A0C91BC942}") = "HJ4 字符串分割", "HJ4 字符串分割\HJ4 字符串分割.vcxproj", "{F7F92A26-A4E7-46E5-9F94-C55B6061910E}"
EndProject
Project("{8BC9CEB8-8B4A-11D0-8D11-00A0C91BC942}") = "HJ5 进制转换", "HJ5进制转换\HJ5进制转换.vcxproj", "{20FFC792-5858-4098-9AB0-54E3014DF9E7}"
EndProject
Project("{8BC9CEB8-8B4A-11D0-8D11-00A0C91BC942}") = "HJ6 质数因子", "HJ6 质数因子\HJ6 质数因子.vcxproj", "{1B5754A0-FF1B-475B-ADDE-F5BEB074463F}"
EndProject
Project("{8BC9CEB8-8B4A-11D0-8D11-00A0C91BC942}") = "HJ7 取近似值", "HJ7 取近似值\HJ7 取近似值.vcxproj", "{CB6ACEFF-80D7-4D3A-BAA7-896617920617}"
EndProject
Project("{8BC9CEB8-8B4A-11D0-8D11-00A0C91BC942}") = "HJ8 合并表记录", "HJ8 合并表记录\HJ8 合并表记录.vcxproj", "{3DA38194-C649-4934-AFF4-9FBE8CB1B641}"
EndProject
Project("{8BC9CEB8-8B4A-11D0-8D11-00A0C91BC942}") = "HJ9 提取不重复的整数", "HJ9 提取不重复的整数\HJ9 提取不重复的整数.vcxproj", "{CDBA7D58-A4AB-4269-B48A-7EE42475C79F}"
EndProject
Project("{8BC9CEB8-8B4A-11D0-8D11-00A0C91BC942}") = "HJ10 字符个数统计", "HJ10 字符个数统计\HJ10 字符个数统计.vcxproj", "{1F80FEBB-2A9D-4C2E-8B66-18E5A8C4CBB4}"
EndProject
Project("{8BC9CEB8-8B4A-11D0-8D11-00A0C91BC942}") = "HJ11 数字颠倒", "HJ11 数字颠倒\HJ11 数字颠倒.vcxproj", "{5CFD0154-68C4-4FE2-8D9D-75D2C99112ED}"
EndProject
Project("{8BC9CEB8-8B4A-11D0-8D11-00A0C91BC942}") = "HJ12 字符串反转", "HJ12 字符串反转\HJ12 字符串反转.vcxproj", "{85CFF4D1-14F4-4643-9FC4-845E9BB85372}"
EndProject
Project("{8BC9CEB8-8B4A-11D0-8D11-00A0C91BC942}") = "HJ13句子逆序", "HJ13句子逆序\HJ13句子逆序.vcxproj", "{F477B91D-E95F-4CBD-BC07-33BAD17C69F0}"
EndProject
Project("{8BC9CEB8-8B4A-11D0-8D11-00A0C91BC942}") = "HJ14 字符串排序", "HJ14 字符串排序\HJ14 字符串排序.vcxproj", "{7C97FF87-5BE1-4617-ACE6-82622F4E625D}"
EndProject
Project("{8BC9CEB8-8B4A-11D0-8D11-00A0C91BC942}") = "排序算法", "排序算法\排序算法.vcxproj", "{90F7A77A-DA28-40EA-875E-46682BCF73EE}"
EndProject
Project("{8BC9CEB8-8B4A-11D0-8D11-00A0C91BC942}") = "HJ15 求int型正整数在内存中存储的1的个数", "HJ15 求int型正整数在内存中存储的1的个数\HJ15 求int型正整数在内存中存储的1的个数.vcxproj", "{C284957B-6D22-46F4-A4A5-8689437FEFC9}"
EndProject
Project("{8BC9CEB8-8B4A-11D0-8D11-00A0C91BC942}") = "HJ16 购物单", "HJ16 购物单\HJ16 购物单.vcxproj", "{0227DE36-CCC2-4494-BF04-F9AF56F55830}"
EndProject
Project("{8BC9CEB8-8B4A-11D0-8D11-00A0C91BC942}") = "HJ17 坐标移动", "HJ17 坐标移动\HJ17 坐标移动.vcxproj", "{10D2F020-2727-4054-864C-64C9A7388013}"
EndProject
Project("{8BC9CEB8-8B4A-11D0-8D11-00A0C91BC942}") = "HJ18 识别有效的IP地址和掩码并进行分类统计", "HJ18 识别有效的IP地址和掩码并进行分类统计\HJ18 识别有效的IP地址和掩码并进行分类统计.vcxproj", "{1969E9CB-B385-4630-A4B6-865690953198}"
EndProject
Project("{8BC9CEB8-8B4A-11D0-8D11-00A0C91BC942}") = "HJ19 简单错误记录", "HJ19 简单错误记录\HJ19 简单错误记录.vcxproj", "{7E839B05-2E46-4DF2-84FA-BE9437E98A7E}"
EndProject
Project("{8BC9CEB8-8B4A-11D0-8D11-00A0C91BC942}") = "HJ20 密码验证合格程序", "HJ20 密码验证合格程序\HJ20 密码验证合格程序.vcxproj", "{48A07C95-56F6-4E95-86FE-20EB43AFFA46}"
EndProject
Project("{8BC9CEB8-8B4A-11D0-8D11-00A0C91BC942}") = "HJ21 简单密码", "HJ21 简单密码\HJ21 简单密码.vcxproj", "{AC0899C3-9418-424B-B710-9262B4CDFFB9}"
EndProject
Project("{8BC9CEB8-8B4A-11D0-8D11-00A0C91BC942}") = "HJ22 汽水瓶模拟题", "HJ22 汽水瓶模拟题\HJ22 汽水瓶模拟题.vcxproj", "{36A4AFFC-46B3-495D-85FD-5C7437C5A62E}"
EndProject
Project("{8BC9CEB8-8B4A-11D0-8D11-00A0C91BC942}") = "HJ23 删除字符串中出现最少的字符", "HJ23 删除字符串中出现最少的字符\HJ23 删除字符串中出现最少的字符.vcxproj", "{95B0234C-B33E-41CE-9BE1-EFB7E6E5CB5A}"
EndProject
Project("{8BC9CEB8-8B4A-11D0-8D11-00A0C91BC942}") = "HJ24 合唱队", "HJ24 合唱队\HJ24 合唱队.vcxproj", "{789DE9BF-4E14-49BE-9A2C-BB2F9C7C34FE}"
EndProject
Project("{8BC9CEB8-8B4A-11D0-8D11-00A0C91BC942}") = "HJ25 数据分类处理", "HJ25 数据分类处理\HJ25 数据分类处理.vcxproj", "{70F311F1-E810-454F-96C7-070DAB319F18}"
EndProject
Project("{8BC9CEB8-8B4A-11D0-8D11-00A0C91BC942}") = "HJ26 字符串排序", "HJ26 字符串排序\HJ26 字符串排序.vcxproj", "{18C7278F-4046-4227-B337-C31D692DE660}"
EndProject
Project("{8BC9CEB8-8B4A-11D0-8D11-00A0C91BC942}") = "HJ27 查找兄弟单词", "HJ27 查找兄弟单词\HJ27 查找兄弟单词.vcxproj", "{1A94EBA7-E808-4FCF-A538-340BAB6A1C06}"
EndProject
Project("{8BC9CEB8-8B4A-11D0-8D11-00A0C91BC942}") = "HJ28 素数伴侣", "HJ28 素数伴侣\HJ28 素数伴侣.vcxproj", "{376DA6BD-2E38-4AD9-A594-37061FE2898A}"
EndProject
Project("{8BC9CEB8-8B4A-11D0-8D11-00A0C91BC942}") = "HJ29 字符串加解密", "HJ29 字符串加解密\HJ29 字符串加解密.vcxproj", "{19E7BDF9-9B47-42DB-AF92-29D67D0C7B6D}"
EndProject
Project("{8BC9CEB8-8B4A-11D0-8D11-00A0C91BC942}") = "HJ30 字符串合并处理", "HJ30 字符串合并处理\HJ30 字符串合并处理.vcxproj", "{472BA23F-4511-41AC-981D-7D71E562D447}"
EndProject
Project("{8BC9CEB8-8B4A-11D0-8D11-00A0C91BC942}") = "HJ31 单词倒排", "HJ31 单词倒排\HJ31 单词倒排.vcxproj", "{5A551B78-0458-4828-B395-40B0E0726AF1}"
EndProject
Project("{8BC9CEB8-8B4A-11D0-8D11-00A0C91BC942}") = "HJ32 密码截取", "HJ32 密码截取\HJ32 密码截取.vcxproj", "{833C23D8-CB39-4242-B64E-D38A286FD6CE}"
EndProject
Project("{8BC9CEB8-8B4A-11D0-8D11-00A0C91BC942}") = "HJ33 整数与IP地址间的转换", "HJ33 整数与IP地址间的转换\HJ33 整数与IP地址间的转换.vcxproj", "{8E336F45-B847-4CB7-B592-A94810898F8A}"
EndProject
Project("{8BC9CEB8-8B4A-11D0-8D11-00A0C91BC942}") = "HJ34 图片整理", "HJ34 图片整理\HJ34 图片整理.vcxproj", "{1C2CEA5A-8D45-4632-A06D-24B65CF4FCFD}"
EndProject
Project("{8BC9CEB8-8B4A-11D0-8D11-00A0C91BC942}") = "HJ35 蛇行矩阵", "HJ35 蛇行矩阵\HJ35 蛇行矩阵.vcxproj", "{08B80FD0-D867-4CF4-9BF4-498138B49412}"
EndProject
Project("{8BC9CEB8-8B4A-11D0-8D11-00A0C91BC942}") = "HJ36 字符串加密", "HJ36 字符串加密\HJ36 字符串加密.vcxproj", "{FFF76401-D4D8-4852-B69C-07769EC51331}"
EndProject
Project("{8BC9CEB8-8B4A-11D0-8D11-00A0C91BC942}") = "HJ37 统计每个月兔子的总数", "HJ37 统计每个月兔子的总数\HJ37 统计每个月兔子的总数.vcxproj", "{FB4F30ED-8AA7-4F4D-91ED-C047DAC88BAA}"
EndProject
Project("{8BC9CEB8-8B4A-11D0-8D11-00A0C91BC942}") = "HJ38 求小球落地5次后所经历的路程和第五次反弹的高度", "HJ38 求小球落地5次后所经历的路程和第五次反弹的高度\HJ38 求小球落地5次后所经历的路程和第五次反弹的高度.vcxproj", "{DD5799BE-F262-4128-896A-D110B8AAC37E}"
EndProject
Project("{8BC9CEB8-8B4A-11D0-8D11-00A0C91BC942}") = "HJ39 判断两个ip是否属于同一个子网", "HJ39 判断两个ip是否属于同一个子网\HJ39 判断两个ip是否属于同一个子网.vcxproj", "{8D83A73E-544E-4461-A0EB-F12ACA951874}"
EndProject
Project("{8BC9CEB8-8B4A-11D0-8D11-00A0C91BC942}") = "HJ40 统计字符", "HJ40 统计字符\HJ40 统计字符.vcxproj", "{B13CD37B-2678-443C-800C-8E23524A41E3}"
EndProject
Project("{8BC9CEB8-8B4A-11D0-8D11-00A0C91BC942}") = "HJ41 称砝码", "HJ41 称砝码\HJ41 称砝码.vcxproj", "{A62F5D19-C102-4087-AD9D-C69D5D111DCE}"
EndProject
Project("{8BC9CEB8-8B4A-11D0-8D11-00A0C91BC942}") = "HJ42 学英语", "HJ42 学英语\HJ42 学英语.vcxproj", "{5CE11361-A71D-43D8-9B86-2E7B4D9DE190}"
EndProject
Project("{8BC9CEB8-8B4A-11D0-8D11-00A0C91BC942}") = "HJ43 迷宫问题", "HJ43 迷宫问题\HJ43 迷宫问题.vcxproj", "{33BD76A7-63B5-4C01-826B-BD239E6DD687}"
EndProject
Project("{8BC9CEB8-8B4A-11D0-8D11-00A0C91BC942}") = "HJ44 数独Sudoku", "HJ44 数独Sudoku\HJ44 数独Sudoku.vcxproj", "{447FEA96-62BC-45F0-9661-2ECE9EE7D0B9}"
EndProject
Project("{8BC9CEB8-8B4A-11D0-8D11-00A0C91BC942}") = "HJ45 名字的漂亮度", "HJ45 名字的漂亮度\HJ45 名字的漂亮度.vcxproj", "{12FABF9F-4CD4-4955-8702-EBBCD56882A0}"
EndProject
Project("{8BC9CEB8-8B4A-11D0-8D11-00A0C91BC942}") = "HJ48 从单向链表中删除指定值的节点", "HJ48 从单向链表中删除指定值的节点\HJ48 从单向链表中删除指定值的节点.vcxproj", "{8F7AFC08-6583-4EBF-BEE2-CA02509A4DDB}"
EndProject
Project("{8BC9CEB8-8B4A-11D0-8D11-00A0C91BC942}") = "HJ50 四则运算-识别左值运算符右值-栈", "HJ50 四则运算-识别左值运算符右值-栈\HJ50 四则运算-识别左值运算符右值-栈.vcxproj", "{7DBBB993-312A-4B4C-AE27-D1C35C96D4E6}"
EndProject
Project("{8BC9CEB8-8B4A-11D0-8D11-00A0C91BC942}") = "HJ51 输出单向容器中倒数第k个节点", "HJ51 输出单向容器中倒数第k个节点\HJ51 输出单向容器中倒数第k个节点.vcxproj", "{454FA74E-A6BA-45C0-B56D-A23448314F6F}"
EndProject
Project("{8BC9CEB8-8B4A-11D0-8D11-00A0C91BC942}") = "HJ52 计算字符串的编辑距离", "HJ52 计算字符串的编辑距离\HJ52 计算字符串的编辑距离.vcxproj", "{039F0745-0240-4A3F-8CF5-5A7B72ABA6B9}"
EndProject
Project("{8BC9CEB8-8B4A-11D0-8D11-00A0C91BC942}") = "HJ53 杨辉三角的变形", "HJ53 杨辉三角的变形\HJ53 杨辉三角的变形.vcxproj", "{D0E1248A-8758-4AE4-8C19-C9944FF33EB7}"
EndProject
Global
	GlobalSection(SolutionConfigurationPlatforms) = preSolution
		Debug|x64 = Debug|x64
		Debug|x86 = Debug|x86
		Release|x64 = Release|x64
		Release|x86 = Release|x86
	EndGlobalSection
	GlobalSection(ProjectConfigurationPlatforms) = postSolution
		{B43B34A2-FF09-4726-949F-56A7A4A88F72}.Debug|x64.ActiveCfg = Debug|x64
		{B43B34A2-FF09-4726-949F-56A7A4A88F72}.Debug|x64.Build.0 = Debug|x64
		{B43B34A2-FF09-4726-949F-56A7A4A88F72}.Debug|x86.ActiveCfg = Debug|Win32
		{B43B34A2-FF09-4726-949F-56A7A4A88F72}.Debug|x86.Build.0 = Debug|Win32
		{B43B34A2-FF09-4726-949F-56A7A4A88F72}.Release|x64.ActiveCfg = Release|x64
		{B43B34A2-FF09-4726-949F-56A7A4A88F72}.Release|x64.Build.0 = Release|x64
		{B43B34A2-FF09-4726-949F-56A7A4A88F72}.Release|x86.ActiveCfg = Release|Win32
		{B43B34A2-FF09-4726-949F-56A7A4A88F72}.Release|x86.Build.0 = Release|Win32
		{2FB546A8-B542-43AC-9747-A02A528BC93E}.Debug|x64.ActiveCfg = Debug|x64
		{2FB546A8-B542-43AC-9747-A02A528BC93E}.Debug|x64.Build.0 = Debug|x64
		{2FB546A8-B542-43AC-9747-A02A528BC93E}.Debug|x86.ActiveCfg = Debug|Win32
		{2FB546A8-B542-43AC-9747-A02A528BC93E}.Debug|x86.Build.0 = Debug|Win32
		{2FB546A8-B542-43AC-9747-A02A528BC93E}.Release|x64.ActiveCfg = Release|x64
		{2FB546A8-B542-43AC-9747-A02A528BC93E}.Release|x64.Build.0 = Release|x64
		{2FB546A8-B542-43AC-9747-A02A528BC93E}.Release|x86.ActiveCfg = Release|Win32
		{2FB546A8-B542-43AC-9747-A02A528BC93E}.Release|x86.Build.0 = Release|Win32
		{D6140DEE-3FE4-4571-8AFD-C40E5AA2D95E}.Debug|x64.ActiveCfg = Debug|x64
		{D6140DEE-3FE4-4571-8AFD-C40E5AA2D95E}.Debug|x64.Build.0 = Debug|x64
		{D6140DEE-3FE4-4571-8AFD-C40E5AA2D95E}.Debug|x86.ActiveCfg = Debug|Win32
		{D6140DEE-3FE4-4571-8AFD-C40E5AA2D95E}.Debug|x86.Build.0 = Debug|Win32
		{D6140DEE-3FE4-4571-8AFD-C40E5AA2D95E}.Release|x64.ActiveCfg = Release|x64
		{D6140DEE-3FE4-4571-8AFD-C40E5AA2D95E}.Release|x64.Build.0 = Release|x64
		{D6140DEE-3FE4-4571-8AFD-C40E5AA2D95E}.Release|x86.ActiveCfg = Release|Win32
		{D6140DEE-3FE4-4571-8AFD-C40E5AA2D95E}.Release|x86.Build.0 = Release|Win32
		{FCE24126-1062-4ABE-903F-729624A55165}.Debug|x64.ActiveCfg = Debug|x64
		{FCE24126-1062-4ABE-903F-729624A55165}.Debug|x64.Build.0 = Debug|x64
		{FCE24126-1062-4ABE-903F-729624A55165}.Debug|x86.ActiveCfg = Debug|Win32
		{FCE24126-1062-4ABE-903F-729624A55165}.Debug|x86.Build.0 = Debug|Win32
		{FCE24126-1062-4ABE-903F-729624A55165}.Release|x64.ActiveCfg = Release|x64
		{FCE24126-1062-4ABE-903F-729624A55165}.Release|x64.Build.0 = Release|x64
		{FCE24126-1062-4ABE-903F-729624A55165}.Release|x86.ActiveCfg = Release|Win32
		{FCE24126-1062-4ABE-903F-729624A55165}.Release|x86.Build.0 = Release|Win32
		{F7F92A26-A4E7-46E5-9F94-C55B6061910E}.Debug|x64.ActiveCfg = Debug|x64
		{F7F92A26-A4E7-46E5-9F94-C55B6061910E}.Debug|x64.Build.0 = Debug|x64
		{F7F92A26-A4E7-46E5-9F94-C55B6061910E}.Debug|x86.ActiveCfg = Debug|Win32
		{F7F92A26-A4E7-46E5-9F94-C55B6061910E}.Debug|x86.Build.0 = Debug|Win32
		{F7F92A26-A4E7-46E5-9F94-C55B6061910E}.Release|x64.ActiveCfg = Release|x64
		{F7F92A26-A4E7-46E5-9F94-C55B6061910E}.Release|x64.Build.0 = Release|x64
		{F7F92A26-A4E7-46E5-9F94-C55B6061910E}.Release|x86.ActiveCfg = Release|Win32
		{F7F92A26-A4E7-46E5-9F94-C55B6061910E}.Release|x86.Build.0 = Release|Win32
		{20FFC792-5858-4098-9AB0-54E3014DF9E7}.Debug|x64.ActiveCfg = Debug|x64
		{20FFC792-5858-4098-9AB0-54E3014DF9E7}.Debug|x64.Build.0 = Debug|x64
		{20FFC792-5858-4098-9AB0-54E3014DF9E7}.Debug|x86.ActiveCfg = Debug|Win32
		{20FFC792-5858-4098-9AB0-54E3014DF9E7}.Debug|x86.Build.0 = Debug|Win32
		{20FFC792-5858-4098-9AB0-54E3014DF9E7}.Release|x64.ActiveCfg = Release|x64
		{20FFC792-5858-4098-9AB0-54E3014DF9E7}.Release|x64.Build.0 = Release|x64
		{20FFC792-5858-4098-9AB0-54E3014DF9E7}.Release|x86.ActiveCfg = Release|Win32
		{20FFC792-5858-4098-9AB0-54E3014DF9E7}.Release|x86.Build.0 = Release|Win32
		{1B5754A0-FF1B-475B-ADDE-F5BEB074463F}.Debug|x64.ActiveCfg = Debug|x64
		{1B5754A0-FF1B-475B-ADDE-F5BEB074463F}.Debug|x64.Build.0 = Debug|x64
		{1B5754A0-FF1B-475B-ADDE-F5BEB074463F}.Debug|x86.ActiveCfg = Debug|Win32
		{1B5754A0-FF1B-475B-ADDE-F5BEB074463F}.Debug|x86.Build.0 = Debug|Win32
		{1B5754A0-FF1B-475B-ADDE-F5BEB074463F}.Release|x64.ActiveCfg = Release|x64
		{1B5754A0-FF1B-475B-ADDE-F5BEB074463F}.Release|x64.Build.0 = Release|x64
		{1B5754A0-FF1B-475B-ADDE-F5BEB074463F}.Release|x86.ActiveCfg = Release|Win32
		{1B5754A0-FF1B-475B-ADDE-F5BEB074463F}.Release|x86.Build.0 = Release|Win32
		{CB6ACEFF-80D7-4D3A-BAA7-896617920617}.Debug|x64.ActiveCfg = Debug|x64
		{CB6ACEFF-80D7-4D3A-BAA7-896617920617}.Debug|x64.Build.0 = Debug|x64
		{CB6ACEFF-80D7-4D3A-BAA7-896617920617}.Debug|x86.ActiveCfg = Debug|Win32
		{CB6ACEFF-80D7-4D3A-BAA7-896617920617}.Debug|x86.Build.0 = Debug|Win32
		{CB6ACEFF-80D7-4D3A-BAA7-896617920617}.Release|x64.ActiveCfg = Release|x64
		{CB6ACEFF-80D7-4D3A-BAA7-896617920617}.Release|x64.Build.0 = Release|x64
		{CB6ACEFF-80D7-4D3A-BAA7-896617920617}.Release|x86.ActiveCfg = Release|Win32
		{CB6ACEFF-80D7-4D3A-BAA7-896617920617}.Release|x86.Build.0 = Release|Win32
		{3DA38194-C649-4934-AFF4-9FBE8CB1B641}.Debug|x64.ActiveCfg = Debug|x64
		{3DA38194-C649-4934-AFF4-9FBE8CB1B641}.Debug|x64.Build.0 = Debug|x64
		{3DA38194-C649-4934-AFF4-9FBE8CB1B641}.Debug|x86.ActiveCfg = Debug|Win32
		{3DA38194-C649-4934-AFF4-9FBE8CB1B641}.Debug|x86.Build.0 = Debug|Win32
		{3DA38194-C649-4934-AFF4-9FBE8CB1B641}.Release|x64.ActiveCfg = Release|x64
		{3DA38194-C649-4934-AFF4-9FBE8CB1B641}.Release|x64.Build.0 = Release|x64
		{3DA38194-C649-4934-AFF4-9FBE8CB1B641}.Release|x86.ActiveCfg = Release|Win32
		{3DA38194-C649-4934-AFF4-9FBE8CB1B641}.Release|x86.Build.0 = Release|Win32
		{CDBA7D58-A4AB-4269-B48A-7EE42475C79F}.Debug|x64.ActiveCfg = Debug|x64
		{CDBA7D58-A4AB-4269-B48A-7EE42475C79F}.Debug|x64.Build.0 = Debug|x64
		{CDBA7D58-A4AB-4269-B48A-7EE42475C79F}.Debug|x86.ActiveCfg = Debug|Win32
		{CDBA7D58-A4AB-4269-B48A-7EE42475C79F}.Debug|x86.Build.0 = Debug|Win32
		{CDBA7D58-A4AB-4269-B48A-7EE42475C79F}.Release|x64.ActiveCfg = Release|x64
		{CDBA7D58-A4AB-4269-B48A-7EE42475C79F}.Release|x64.Build.0 = Release|x64
		{CDBA7D58-A4AB-4269-B48A-7EE42475C79F}.Release|x86.ActiveCfg = Release|Win32
		{CDBA7D58-A4AB-4269-B48A-7EE42475C79F}.Release|x86.Build.0 = Release|Win32
		{1F80FEBB-2A9D-4C2E-8B66-18E5A8C4CBB4}.Debug|x64.ActiveCfg = Debug|x64
		{1F80FEBB-2A9D-4C2E-8B66-18E5A8C4CBB4}.Debug|x64.Build.0 = Debug|x64
		{1F80FEBB-2A9D-4C2E-8B66-18E5A8C4CBB4}.Debug|x86.ActiveCfg = Debug|Win32
		{1F80FEBB-2A9D-4C2E-8B66-18E5A8C4CBB4}.Debug|x86.Build.0 = Debug|Win32
		{1F80FEBB-2A9D-4C2E-8B66-18E5A8C4CBB4}.Release|x64.ActiveCfg = Release|x64
		{1F80FEBB-2A9D-4C2E-8B66-18E5A8C4CBB4}.Release|x64.Build.0 = Release|x64
		{1F80FEBB-2A9D-4C2E-8B66-18E5A8C4CBB4}.Release|x86.ActiveCfg = Release|Win32
		{1F80FEBB-2A9D-4C2E-8B66-18E5A8C4CBB4}.Release|x86.Build.0 = Release|Win32
		{5CFD0154-68C4-4FE2-8D9D-75D2C99112ED}.Debug|x64.ActiveCfg = Debug|x64
		{5CFD0154-68C4-4FE2-8D9D-75D2C99112ED}.Debug|x64.Build.0 = Debug|x64
		{5CFD0154-68C4-4FE2-8D9D-75D2C99112ED}.Debug|x86.ActiveCfg = Debug|Win32
		{5CFD0154-68C4-4FE2-8D9D-75D2C99112ED}.Debug|x86.Build.0 = Debug|Win32
		{5CFD0154-68C4-4FE2-8D9D-75D2C99112ED}.Release|x64.ActiveCfg = Release|x64
		{5CFD0154-68C4-4FE2-8D9D-75D2C99112ED}.Release|x64.Build.0 = Release|x64
		{5CFD0154-68C4-4FE2-8D9D-75D2C99112ED}.Release|x86.ActiveCfg = Release|Win32
		{5CFD0154-68C4-4FE2-8D9D-75D2C99112ED}.Release|x86.Build.0 = Release|Win32
		{85CFF4D1-14F4-4643-9FC4-845E9BB85372}.Debug|x64.ActiveCfg = Debug|x64
		{85CFF4D1-14F4-4643-9FC4-845E9BB85372}.Debug|x64.Build.0 = Debug|x64
		{85CFF4D1-14F4-4643-9FC4-845E9BB85372}.Debug|x86.ActiveCfg = Debug|Win32
		{85CFF4D1-14F4-4643-9FC4-845E9BB85372}.Debug|x86.Build.0 = Debug|Win32
		{85CFF4D1-14F4-4643-9FC4-845E9BB85372}.Release|x64.ActiveCfg = Release|x64
		{85CFF4D1-14F4-4643-9FC4-845E9BB85372}.Release|x64.Build.0 = Release|x64
		{85CFF4D1-14F4-4643-9FC4-845E9BB85372}.Release|x86.ActiveCfg = Release|Win32
		{85CFF4D1-14F4-4643-9FC4-845E9BB85372}.Release|x86.Build.0 = Release|Win32
		{F477B91D-E95F-4CBD-BC07-33BAD17C69F0}.Debug|x64.ActiveCfg = Debug|x64
		{F477B91D-E95F-4CBD-BC07-33BAD17C69F0}.Debug|x64.Build.0 = Debug|x64
		{F477B91D-E95F-4CBD-BC07-33BAD17C69F0}.Debug|x86.ActiveCfg = Debug|Win32
		{F477B91D-E95F-4CBD-BC07-33BAD17C69F0}.Debug|x86.Build.0 = Debug|Win32
		{F477B91D-E95F-4CBD-BC07-33BAD17C69F0}.Release|x64.ActiveCfg = Release|x64
		{F477B91D-E95F-4CBD-BC07-33BAD17C69F0}.Release|x64.Build.0 = Release|x64
		{F477B91D-E95F-4CBD-BC07-33BAD17C69F0}.Release|x86.ActiveCfg = Release|Win32
		{F477B91D-E95F-4CBD-BC07-33BAD17C69F0}.Release|x86.Build.0 = Release|Win32
		{7C97FF87-5BE1-4617-ACE6-82622F4E625D}.Debug|x64.ActiveCfg = Debug|x64
		{7C97FF87-5BE1-4617-ACE6-82622F4E625D}.Debug|x64.Build.0 = Debug|x64
		{7C97FF87-5BE1-4617-ACE6-82622F4E625D}.Debug|x86.ActiveCfg = Debug|Win32
		{7C97FF87-5BE1-4617-ACE6-82622F4E625D}.Debug|x86.Build.0 = Debug|Win32
		{7C97FF87-5BE1-4617-ACE6-82622F4E625D}.Release|x64.ActiveCfg = Release|x64
		{7C97FF87-5BE1-4617-ACE6-82622F4E625D}.Release|x64.Build.0 = Release|x64
		{7C97FF87-5BE1-4617-ACE6-82622F4E625D}.Release|x86.ActiveCfg = Release|Win32
		{7C97FF87-5BE1-4617-ACE6-82622F4E625D}.Release|x86.Build.0 = Release|Win32
		{90F7A77A-DA28-40EA-875E-46682BCF73EE}.Debug|x64.ActiveCfg = Debug|x64
		{90F7A77A-DA28-40EA-875E-46682BCF73EE}.Debug|x64.Build.0 = Debug|x64
		{90F7A77A-DA28-40EA-875E-46682BCF73EE}.Debug|x86.ActiveCfg = Debug|Win32
		{90F7A77A-DA28-40EA-875E-46682BCF73EE}.Debug|x86.Build.0 = Debug|Win32
		{90F7A77A-DA28-40EA-875E-46682BCF73EE}.Release|x64.ActiveCfg = Release|x64
		{90F7A77A-DA28-40EA-875E-46682BCF73EE}.Release|x64.Build.0 = Release|x64
		{90F7A77A-DA28-40EA-875E-46682BCF73EE}.Release|x86.ActiveCfg = Release|Win32
		{90F7A77A-DA28-40EA-875E-46682BCF73EE}.Release|x86.Build.0 = Release|Win32
		{C284957B-6D22-46F4-A4A5-8689437FEFC9}.Debug|x64.ActiveCfg = Debug|x64
		{C284957B-6D22-46F4-A4A5-8689437FEFC9}.Debug|x64.Build.0 = Debug|x64
		{C284957B-6D22-46F4-A4A5-8689437FEFC9}.Debug|x86.ActiveCfg = Debug|Win32
		{C284957B-6D22-46F4-A4A5-8689437FEFC9}.Debug|x86.Build.0 = Debug|Win32
		{C284957B-6D22-46F4-A4A5-8689437FEFC9}.Release|x64.ActiveCfg = Release|x64
		{C284957B-6D22-46F4-A4A5-8689437FEFC9}.Release|x64.Build.0 = Release|x64
		{C284957B-6D22-46F4-A4A5-8689437FEFC9}.Release|x86.ActiveCfg = Release|Win32
		{C284957B-6D22-46F4-A4A5-8689437FEFC9}.Release|x86.Build.0 = Release|Win32
		{0227DE36-CCC2-4494-BF04-F9AF56F55830}.Debug|x64.ActiveCfg = Debug|x64
		{0227DE36-CCC2-4494-BF04-F9AF56F55830}.Debug|x64.Build.0 = Debug|x64
		{0227DE36-CCC2-4494-BF04-F9AF56F55830}.Debug|x86.ActiveCfg = Debug|Win32
		{0227DE36-CCC2-4494-BF04-F9AF56F55830}.Debug|x86.Build.0 = Debug|Win32
		{0227DE36-CCC2-4494-BF04-F9AF56F55830}.Release|x64.ActiveCfg = Release|x64
		{0227DE36-CCC2-4494-BF04-F9AF56F55830}.Release|x64.Build.0 = Release|x64
		{0227DE36-CCC2-4494-BF04-F9AF56F55830}.Release|x86.ActiveCfg = Release|Win32
		{0227DE36-CCC2-4494-BF04-F9AF56F55830}.Release|x86.Build.0 = Release|Win32
		{10D2F020-2727-4054-864C-64C9A7388013}.Debug|x64.ActiveCfg = Debug|x64
		{10D2F020-2727-4054-864C-64C9A7388013}.Debug|x64.Build.0 = Debug|x64
		{10D2F020-2727-4054-864C-64C9A7388013}.Debug|x86.ActiveCfg = Debug|Win32
		{10D2F020-2727-4054-864C-64C9A7388013}.Debug|x86.Build.0 = Debug|Win32
		{10D2F020-2727-4054-864C-64C9A7388013}.Release|x64.ActiveCfg = Release|x64
		{10D2F020-2727-4054-864C-64C9A7388013}.Release|x64.Build.0 = Release|x64
		{10D2F020-2727-4054-864C-64C9A7388013}.Release|x86.ActiveCfg = Release|Win32
		{10D2F020-2727-4054-864C-64C9A7388013}.Release|x86.Build.0 = Release|Win32
		{1969E9CB-B385-4630-A4B6-865690953198}.Debug|x64.ActiveCfg = Debug|x64
		{1969E9CB-B385-4630-A4B6-865690953198}.Debug|x64.Build.0 = Debug|x64
		{1969E9CB-B385-4630-A4B6-865690953198}.Debug|x86.ActiveCfg = Debug|Win32
		{1969E9CB-B385-4630-A4B6-865690953198}.Debug|x86.Build.0 = Debug|Win32
		{1969E9CB-B385-4630-A4B6-865690953198}.Release|x64.ActiveCfg = Release|x64
		{1969E9CB-B385-4630-A4B6-865690953198}.Release|x64.Build.0 = Release|x64
		{1969E9CB-B385-4630-A4B6-865690953198}.Release|x86.ActiveCfg = Release|Win32
		{1969E9CB-B385-4630-A4B6-865690953198}.Release|x86.Build.0 = Release|Win32
		{7E839B05-2E46-4DF2-84FA-BE9437E98A7E}.Debug|x64.ActiveCfg = Debug|x64
		{7E839B05-2E46-4DF2-84FA-BE9437E98A7E}.Debug|x64.Build.0 = Debug|x64
		{7E839B05-2E46-4DF2-84FA-BE9437E98A7E}.Debug|x86.ActiveCfg = Debug|Win32
		{7E839B05-2E46-4DF2-84FA-BE9437E98A7E}.Debug|x86.Build.0 = Debug|Win32
		{7E839B05-2E46-4DF2-84FA-BE9437E98A7E}.Release|x64.ActiveCfg = Release|x64
		{7E839B05-2E46-4DF2-84FA-BE9437E98A7E}.Release|x64.Build.0 = Release|x64
		{7E839B05-2E46-4DF2-84FA-BE9437E98A7E}.Release|x86.ActiveCfg = Release|Win32
		{7E839B05-2E46-4DF2-84FA-BE9437E98A7E}.Release|x86.Build.0 = Release|Win32
		{48A07C95-56F6-4E95-86FE-20EB43AFFA46}.Debug|x64.ActiveCfg = Debug|x64
		{48A07C95-56F6-4E95-86FE-20EB43AFFA46}.Debug|x64.Build.0 = Debug|x64
		{48A07C95-56F6-4E95-86FE-20EB43AFFA46}.Debug|x86.ActiveCfg = Debug|Win32
		{48A07C95-56F6-4E95-86FE-20EB43AFFA46}.Debug|x86.Build.0 = Debug|Win32
		{48A07C95-56F6-4E95-86FE-20EB43AFFA46}.Release|x64.ActiveCfg = Release|x64
		{48A07C95-56F6-4E95-86FE-20EB43AFFA46}.Release|x64.Build.0 = Release|x64
		{48A07C95-56F6-4E95-86FE-20EB43AFFA46}.Release|x86.ActiveCfg = Release|Win32
		{48A07C95-56F6-4E95-86FE-20EB43AFFA46}.Release|x86.Build.0 = Release|Win32
		{AC0899C3-9418-424B-B710-9262B4CDFFB9}.Debug|x64.ActiveCfg = Debug|x64
		{AC0899C3-9418-424B-B710-9262B4CDFFB9}.Debug|x64.Build.0 = Debug|x64
		{AC0899C3-9418-424B-B710-9262B4CDFFB9}.Debug|x86.ActiveCfg = Debug|Win32
		{AC0899C3-9418-424B-B710-9262B4CDFFB9}.Debug|x86.Build.0 = Debug|Win32
		{AC0899C3-9418-424B-B710-9262B4CDFFB9}.Release|x64.ActiveCfg = Release|x64
		{AC0899C3-9418-424B-B710-9262B4CDFFB9}.Release|x64.Build.0 = Release|x64
		{AC0899C3-9418-424B-B710-9262B4CDFFB9}.Release|x86.ActiveCfg = Release|Win32
		{AC0899C3-9418-424B-B710-9262B4CDFFB9}.Release|x86.Build.0 = Release|Win32
		{36A4AFFC-46B3-495D-85FD-5C7437C5A62E}.Debug|x64.ActiveCfg = Debug|x64
		{36A4AFFC-46B3-495D-85FD-5C7437C5A62E}.Debug|x64.Build.0 = Debug|x64
		{36A4AFFC-46B3-495D-85FD-5C7437C5A62E}.Debug|x86.ActiveCfg = Debug|Win32
		{36A4AFFC-46B3-495D-85FD-5C7437C5A62E}.Debug|x86.Build.0 = Debug|Win32
		{36A4AFFC-46B3-495D-85FD-5C7437C5A62E}.Release|x64.ActiveCfg = Release|x64
		{36A4AFFC-46B3-495D-85FD-5C7437C5A62E}.Release|x64.Build.0 = Release|x64
		{36A4AFFC-46B3-495D-85FD-5C7437C5A62E}.Release|x86.ActiveCfg = Release|Win32
		{36A4AFFC-46B3-495D-85FD-5C7437C5A62E}.Release|x86.Build.0 = Release|Win32
		{95B0234C-B33E-41CE-9BE1-EFB7E6E5CB5A}.Debug|x64.ActiveCfg = Debug|x64
		{95B0234C-B33E-41CE-9BE1-EFB7E6E5CB5A}.Debug|x64.Build.0 = Debug|x64
		{95B0234C-B33E-41CE-9BE1-EFB7E6E5CB5A}.Debug|x86.ActiveCfg = Debug|Win32
		{95B0234C-B33E-41CE-9BE1-EFB7E6E5CB5A}.Debug|x86.Build.0 = Debug|Win32
		{95B0234C-B33E-41CE-9BE1-EFB7E6E5CB5A}.Release|x64.ActiveCfg = Release|x64
		{95B0234C-B33E-41CE-9BE1-EFB7E6E5CB5A}.Release|x64.Build.0 = Release|x64
		{95B0234C-B33E-41CE-9BE1-EFB7E6E5CB5A}.Release|x86.ActiveCfg = Release|Win32
		{95B0234C-B33E-41CE-9BE1-EFB7E6E5CB5A}.Release|x86.Build.0 = Release|Win32
		{789DE9BF-4E14-49BE-9A2C-BB2F9C7C34FE}.Debug|x64.ActiveCfg = Debug|x64
		{789DE9BF-4E14-49BE-9A2C-BB2F9C7C34FE}.Debug|x64.Build.0 = Debug|x64
		{789DE9BF-4E14-49BE-9A2C-BB2F9C7C34FE}.Debug|x86.ActiveCfg = Debug|Win32
		{789DE9BF-4E14-49BE-9A2C-BB2F9C7C34FE}.Debug|x86.Build.0 = Debug|Win32
		{789DE9BF-4E14-49BE-9A2C-BB2F9C7C34FE}.Release|x64.ActiveCfg = Release|x64
		{789DE9BF-4E14-49BE-9A2C-BB2F9C7C34FE}.Release|x64.Build.0 = Release|x64
		{789DE9BF-4E14-49BE-9A2C-BB2F9C7C34FE}.Release|x86.ActiveCfg = Release|Win32
		{789DE9BF-4E14-49BE-9A2C-BB2F9C7C34FE}.Release|x86.Build.0 = Release|Win32
		{70F311F1-E810-454F-96C7-070DAB319F18}.Debug|x64.ActiveCfg = Debug|x64
		{70F311F1-E810-454F-96C7-070DAB319F18}.Debug|x64.Build.0 = Debug|x64
		{70F311F1-E810-454F-96C7-070DAB319F18}.Debug|x86.ActiveCfg = Debug|Win32
		{70F311F1-E810-454F-96C7-070DAB319F18}.Debug|x86.Build.0 = Debug|Win32
		{70F311F1-E810-454F-96C7-070DAB319F18}.Release|x64.ActiveCfg = Release|x64
		{70F311F1-E810-454F-96C7-070DAB319F18}.Release|x64.Build.0 = Release|x64
		{70F311F1-E810-454F-96C7-070DAB319F18}.Release|x86.ActiveCfg = Release|Win32
		{70F311F1-E810-454F-96C7-070DAB319F18}.Release|x86.Build.0 = Release|Win32
		{18C7278F-4046-4227-B337-C31D692DE660}.Debug|x64.ActiveCfg = Debug|x64
		{18C7278F-4046-4227-B337-C31D692DE660}.Debug|x64.Build.0 = Debug|x64
		{18C7278F-4046-4227-B337-C31D692DE660}.Debug|x86.ActiveCfg = Debug|Win32
		{18C7278F-4046-4227-B337-C31D692DE660}.Debug|x86.Build.0 = Debug|Win32
		{18C7278F-4046-4227-B337-C31D692DE660}.Release|x64.ActiveCfg = Release|x64
		{18C7278F-4046-4227-B337-C31D692DE660}.Release|x64.Build.0 = Release|x64
		{18C7278F-4046-4227-B337-C31D692DE660}.Release|x86.ActiveCfg = Release|Win32
		{18C7278F-4046-4227-B337-C31D692DE660}.Release|x86.Build.0 = Release|Win32
		{1A94EBA7-E808-4FCF-A538-340BAB6A1C06}.Debug|x64.ActiveCfg = Debug|x64
		{1A94EBA7-E808-4FCF-A538-340BAB6A1C06}.Debug|x64.Build.0 = Debug|x64
		{1A94EBA7-E808-4FCF-A538-340BAB6A1C06}.Debug|x86.ActiveCfg = Debug|Win32
		{1A94EBA7-E808-4FCF-A538-340BAB6A1C06}.Debug|x86.Build.0 = Debug|Win32
		{1A94EBA7-E808-4FCF-A538-340BAB6A1C06}.Release|x64.ActiveCfg = Release|x64
		{1A94EBA7-E808-4FCF-A538-340BAB6A1C06}.Release|x64.Build.0 = Release|x64
		{1A94EBA7-E808-4FCF-A538-340BAB6A1C06}.Release|x86.ActiveCfg = Release|Win32
		{1A94EBA7-E808-4FCF-A538-340BAB6A1C06}.Release|x86.Build.0 = Release|Win32
		{376DA6BD-2E38-4AD9-A594-37061FE2898A}.Debug|x64.ActiveCfg = Debug|x64
		{376DA6BD-2E38-4AD9-A594-37061FE2898A}.Debug|x64.Build.0 = Debug|x64
		{376DA6BD-2E38-4AD9-A594-37061FE2898A}.Debug|x86.ActiveCfg = Debug|Win32
		{376DA6BD-2E38-4AD9-A594-37061FE2898A}.Debug|x86.Build.0 = Debug|Win32
		{376DA6BD-2E38-4AD9-A594-37061FE2898A}.Release|x64.ActiveCfg = Release|x64
		{376DA6BD-2E38-4AD9-A594-37061FE2898A}.Release|x64.Build.0 = Release|x64
		{376DA6BD-2E38-4AD9-A594-37061FE2898A}.Release|x86.ActiveCfg = Release|Win32
		{376DA6BD-2E38-4AD9-A594-37061FE2898A}.Release|x86.Build.0 = Release|Win32
		{19E7BDF9-9B47-42DB-AF92-29D67D0C7B6D}.Debug|x64.ActiveCfg = Debug|x64
		{19E7BDF9-9B47-42DB-AF92-29D67D0C7B6D}.Debug|x64.Build.0 = Debug|x64
		{19E7BDF9-9B47-42DB-AF92-29D67D0C7B6D}.Debug|x86.ActiveCfg = Debug|Win32
		{19E7BDF9-9B47-42DB-AF92-29D67D0C7B6D}.Debug|x86.Build.0 = Debug|Win32
		{19E7BDF9-9B47-42DB-AF92-29D67D0C7B6D}.Release|x64.ActiveCfg = Release|x64
		{19E7BDF9-9B47-42DB-AF92-29D67D0C7B6D}.Release|x64.Build.0 = Release|x64
		{19E7BDF9-9B47-42DB-AF92-29D67D0C7B6D}.Release|x86.ActiveCfg = Release|Win32
		{19E7BDF9-9B47-42DB-AF92-29D67D0C7B6D}.Release|x86.Build.0 = Release|Win32
		{472BA23F-4511-41AC-981D-7D71E562D447}.Debug|x64.ActiveCfg = Debug|x64
		{472BA23F-4511-41AC-981D-7D71E562D447}.Debug|x64.Build.0 = Debug|x64
		{472BA23F-4511-41AC-981D-7D71E562D447}.Debug|x86.ActiveCfg = Debug|Win32
		{472BA23F-4511-41AC-981D-7D71E562D447}.Debug|x86.Build.0 = Debug|Win32
		{472BA23F-4511-41AC-981D-7D71E562D447}.Release|x64.ActiveCfg = Release|x64
		{472BA23F-4511-41AC-981D-7D71E562D447}.Release|x64.Build.0 = Release|x64
		{472BA23F-4511-41AC-981D-7D71E562D447}.Release|x86.ActiveCfg = Release|Win32
		{472BA23F-4511-41AC-981D-7D71E562D447}.Release|x86.Build.0 = Release|Win32
		{5A551B78-0458-4828-B395-40B0E0726AF1}.Debug|x64.ActiveCfg = Debug|x64
		{5A551B78-0458-4828-B395-40B0E0726AF1}.Debug|x64.Build.0 = Debug|x64
		{5A551B78-0458-4828-B395-40B0E0726AF1}.Debug|x86.ActiveCfg = Debug|Win32
		{5A551B78-0458-4828-B395-40B0E0726AF1}.Debug|x86.Build.0 = Debug|Win32
		{5A551B78-0458-4828-B395-40B0E0726AF1}.Release|x64.ActiveCfg = Release|x64
		{5A551B78-0458-4828-B395-40B0E0726AF1}.Release|x64.Build.0 = Release|x64
		{5A551B78-0458-4828-B395-40B0E0726AF1}.Release|x86.ActiveCfg = Release|Win32
		{5A551B78-0458-4828-B395-40B0E0726AF1}.Release|x86.Build.0 = Release|Win32
		{833C23D8-CB39-4242-B64E-D38A286FD6CE}.Debug|x64.ActiveCfg = Debug|x64
		{833C23D8-CB39-4242-B64E-D38A286FD6CE}.Debug|x64.Build.0 = Debug|x64
		{833C23D8-CB39-4242-B64E-D38A286FD6CE}.Debug|x86.ActiveCfg = Debug|Win32
		{833C23D8-CB39-4242-B64E-D38A286FD6CE}.Debug|x86.Build.0 = Debug|Win32
		{833C23D8-CB39-4242-B64E-D38A286FD6CE}.Release|x64.ActiveCfg = Release|x64
		{833C23D8-CB39-4242-B64E-D38A286FD6CE}.Release|x64.Build.0 = Release|x64
		{833C23D8-CB39-4242-B64E-D38A286FD6CE}.Release|x86.ActiveCfg = Release|Win32
		{833C23D8-CB39-4242-B64E-D38A286FD6CE}.Release|x86.Build.0 = Release|Win32
		{8E336F45-B847-4CB7-B592-A94810898F8A}.Debug|x64.ActiveCfg = Debug|x64
		{8E336F45-B847-4CB7-B592-A94810898F8A}.Debug|x64.Build.0 = Debug|x64
		{8E336F45-B847-4CB7-B592-A94810898F8A}.Debug|x86.ActiveCfg = Debug|Win32
		{8E336F45-B847-4CB7-B592-A94810898F8A}.Debug|x86.Build.0 = Debug|Win32
		{8E336F45-B847-4CB7-B592-A94810898F8A}.Release|x64.ActiveCfg = Release|x64
		{8E336F45-B847-4CB7-B592-A94810898F8A}.Release|x64.Build.0 = Release|x64
		{8E336F45-B847-4CB7-B592-A94810898F8A}.Release|x86.ActiveCfg = Release|Win32
		{8E336F45-B847-4CB7-B592-A94810898F8A}.Release|x86.Build.0 = Release|Win32
		{1C2CEA5A-8D45-4632-A06D-24B65CF4FCFD}.Debug|x64.ActiveCfg = Debug|x64
		{1C2CEA5A-8D45-4632-A06D-24B65CF4FCFD}.Debug|x64.Build.0 = Debug|x64
		{1C2CEA5A-8D45-4632-A06D-24B65CF4FCFD}.Debug|x86.ActiveCfg = Debug|Win32
		{1C2CEA5A-8D45-4632-A06D-24B65CF4FCFD}.Debug|x86.Build.0 = Debug|Win32
		{1C2CEA5A-8D45-4632-A06D-24B65CF4FCFD}.Release|x64.ActiveCfg = Release|x64
		{1C2CEA5A-8D45-4632-A06D-24B65CF4FCFD}.Release|x64.Build.0 = Release|x64
		{1C2CEA5A-8D45-4632-A06D-24B65CF4FCFD}.Release|x86.ActiveCfg = Release|Win32
		{1C2CEA5A-8D45-4632-A06D-24B65CF4FCFD}.Release|x86.Build.0 = Release|Win32
		{08B80FD0-D867-4CF4-9BF4-498138B49412}.Debug|x64.ActiveCfg = Debug|x64
		{08B80FD0-D867-4CF4-9BF4-498138B49412}.Debug|x64.Build.0 = Debug|x64
		{08B80FD0-D867-4CF4-9BF4-498138B49412}.Debug|x86.ActiveCfg = Debug|Win32
		{08B80FD0-D867-4CF4-9BF4-498138B49412}.Debug|x86.Build.0 = Debug|Win32
		{08B80FD0-D867-4CF4-9BF4-498138B49412}.Release|x64.ActiveCfg = Release|x64
		{08B80FD0-D867-4CF4-9BF4-498138B49412}.Release|x64.Build.0 = Release|x64
		{08B80FD0-D867-4CF4-9BF4-498138B49412}.Release|x86.ActiveCfg = Release|Win32
		{08B80FD0-D867-4CF4-9BF4-498138B49412}.Release|x86.Build.0 = Release|Win32
		{FFF76401-D4D8-4852-B69C-07769EC51331}.Debug|x64.ActiveCfg = Debug|x64
		{FFF76401-D4D8-4852-B69C-07769EC51331}.Debug|x64.Build.0 = Debug|x64
		{FFF76401-D4D8-4852-B69C-07769EC51331}.Debug|x86.ActiveCfg = Debug|Win32
		{FFF76401-D4D8-4852-B69C-07769EC51331}.Debug|x86.Build.0 = Debug|Win32
		{FFF76401-D4D8-4852-B69C-07769EC51331}.Release|x64.ActiveCfg = Release|x64
		{FFF76401-D4D8-4852-B69C-07769EC51331}.Release|x64.Build.0 = Release|x64
		{FFF76401-D4D8-4852-B69C-07769EC51331}.Release|x86.ActiveCfg = Release|Win32
		{FFF76401-D4D8-4852-B69C-07769EC51331}.Release|x86.Build.0 = Release|Win32
		{FB4F30ED-8AA7-4F4D-91ED-C047DAC88BAA}.Debug|x64.ActiveCfg = Debug|x64
		{FB4F30ED-8AA7-4F4D-91ED-C047DAC88BAA}.Debug|x64.Build.0 = Debug|x64
		{FB4F30ED-8AA7-4F4D-91ED-C047DAC88BAA}.Debug|x86.ActiveCfg = Debug|Win32
		{FB4F30ED-8AA7-4F4D-91ED-C047DAC88BAA}.Debug|x86.Build.0 = Debug|Win32
		{FB4F30ED-8AA7-4F4D-91ED-C047DAC88BAA}.Release|x64.ActiveCfg = Release|x64
		{FB4F30ED-8AA7-4F4D-91ED-C047DAC88BAA}.Release|x64.Build.0 = Release|x64
		{FB4F30ED-8AA7-4F4D-91ED-C047DAC88BAA}.Release|x86.ActiveCfg = Release|Win32
		{FB4F30ED-8AA7-4F4D-91ED-C047DAC88BAA}.Release|x86.Build.0 = Release|Win32
		{DD5799BE-F262-4128-896A-D110B8AAC37E}.Debug|x64.ActiveCfg = Debug|x64
		{DD5799BE-F262-4128-896A-D110B8AAC37E}.Debug|x64.Build.0 = Debug|x64
		{DD5799BE-F262-4128-896A-D110B8AAC37E}.Debug|x86.ActiveCfg = Debug|Win32
		{DD5799BE-F262-4128-896A-D110B8AAC37E}.Debug|x86.Build.0 = Debug|Win32
		{DD5799BE-F262-4128-896A-D110B8AAC37E}.Release|x64.ActiveCfg = Release|x64
		{DD5799BE-F262-4128-896A-D110B8AAC37E}.Release|x64.Build.0 = Release|x64
		{DD5799BE-F262-4128-896A-D110B8AAC37E}.Release|x86.ActiveCfg = Release|Win32
		{DD5799BE-F262-4128-896A-D110B8AAC37E}.Release|x86.Build.0 = Release|Win32
		{8D83A73E-544E-4461-A0EB-F12ACA951874}.Debug|x64.ActiveCfg = Debug|x64
		{8D83A73E-544E-4461-A0EB-F12ACA951874}.Debug|x64.Build.0 = Debug|x64
		{8D83A73E-544E-4461-A0EB-F12ACA951874}.Debug|x86.ActiveCfg = Debug|Win32
		{8D83A73E-544E-4461-A0EB-F12ACA951874}.Debug|x86.Build.0 = Debug|Win32
		{8D83A73E-544E-4461-A0EB-F12ACA951874}.Release|x64.ActiveCfg = Release|x64
		{8D83A73E-544E-4461-A0EB-F12ACA951874}.Release|x64.Build.0 = Release|x64
		{8D83A73E-544E-4461-A0EB-F12ACA951874}.Release|x86.ActiveCfg = Release|Win32
		{8D83A73E-544E-4461-A0EB-F12ACA951874}.Release|x86.Build.0 = Release|Win32
		{B13CD37B-2678-443C-800C-8E23524A41E3}.Debug|x64.ActiveCfg = Debug|x64
		{B13CD37B-2678-443C-800C-8E23524A41E3}.Debug|x64.Build.0 = Debug|x64
		{B13CD37B-2678-443C-800C-8E23524A41E3}.Debug|x86.ActiveCfg = Debug|Win32
		{B13CD37B-2678-443C-800C-8E23524A41E3}.Debug|x86.Build.0 = Debug|Win32
		{B13CD37B-2678-443C-800C-8E23524A41E3}.Release|x64.ActiveCfg = Release|x64
		{B13CD37B-2678-443C-800C-8E23524A41E3}.Release|x64.Build.0 = Release|x64
		{B13CD37B-2678-443C-800C-8E23524A41E3}.Release|x86.ActiveCfg = Release|Win32
		{B13CD37B-2678-443C-800C-8E23524A41E3}.Release|x86.Build.0 = Release|Win32
		{A62F5D19-C102-4087-AD9D-C69D5D111DCE}.Debug|x64.ActiveCfg = Debug|x64
		{A62F5D19-C102-4087-AD9D-C69D5D111DCE}.Debug|x64.Build.0 = Debug|x64
		{A62F5D19-C102-4087-AD9D-C69D5D111DCE}.Debug|x86.ActiveCfg = Debug|Win32
		{A62F5D19-C102-4087-AD9D-C69D5D111DCE}.Debug|x86.Build.0 = Debug|Win32
		{A62F5D19-C102-4087-AD9D-C69D5D111DCE}.Release|x64.ActiveCfg = Release|x64
		{A62F5D19-C102-4087-AD9D-C69D5D111DCE}.Release|x64.Build.0 = Release|x64
		{A62F5D19-C102-4087-AD9D-C69D5D111DCE}.Release|x86.ActiveCfg = Release|Win32
		{A62F5D19-C102-4087-AD9D-C69D5D111DCE}.Release|x86.Build.0 = Release|Win32
		{5CE11361-A71D-43D8-9B86-2E7B4D9DE190}.Debug|x64.ActiveCfg = Debug|x64
		{5CE11361-A71D-43D8-9B86-2E7B4D9DE190}.Debug|x64.Build.0 = Debug|x64
		{5CE11361-A71D-43D8-9B86-2E7B4D9DE190}.Debug|x86.ActiveCfg = Debug|Win32
		{5CE11361-A71D-43D8-9B86-2E7B4D9DE190}.Debug|x86.Build.0 = Debug|Win32
		{5CE11361-A71D-43D8-9B86-2E7B4D9DE190}.Release|x64.ActiveCfg = Release|x64
		{5CE11361-A71D-43D8-9B86-2E7B4D9DE190}.Release|x64.Build.0 = Release|x64
		{5CE11361-A71D-43D8-9B86-2E7B4D9DE190}.Release|x86.ActiveCfg = Release|Win32
		{5CE11361-A71D-43D8-9B86-2E7B4D9DE190}.Release|x86.Build.0 = Release|Win32
		{33BD76A7-63B5-4C01-826B-BD239E6DD687}.Debug|x64.ActiveCfg = Debug|x64
		{33BD76A7-63B5-4C01-826B-BD239E6DD687}.Debug|x64.Build.0 = Debug|x64
		{33BD76A7-63B5-4C01-826B-BD239E6DD687}.Debug|x86.ActiveCfg = Debug|Win32
		{33BD76A7-63B5-4C01-826B-BD239E6DD687}.Debug|x86.Build.0 = Debug|Win32
		{33BD76A7-63B5-4C01-826B-BD239E6DD687}.Release|x64.ActiveCfg = Release|x64
		{33BD76A7-63B5-4C01-826B-BD239E6DD687}.Release|x64.Build.0 = Release|x64
		{33BD76A7-63B5-4C01-826B-BD239E6DD687}.Release|x86.ActiveCfg = Release|Win32
		{33BD76A7-63B5-4C01-826B-BD239E6DD687}.Release|x86.Build.0 = Release|Win32
		{447FEA96-62BC-45F0-9661-2ECE9EE7D0B9}.Debug|x64.ActiveCfg = Debug|x64
		{447FEA96-62BC-45F0-9661-2ECE9EE7D0B9}.Debug|x64.Build.0 = Debug|x64
		{447FEA96-62BC-45F0-9661-2ECE9EE7D0B9}.Debug|x86.ActiveCfg = Debug|Win32
		{447FEA96-62BC-45F0-9661-2ECE9EE7D0B9}.Debug|x86.Build.0 = Debug|Win32
		{447FEA96-62BC-45F0-9661-2ECE9EE7D0B9}.Release|x64.ActiveCfg = Release|x64
		{447FEA96-62BC-45F0-9661-2ECE9EE7D0B9}.Release|x64.Build.0 = Release|x64
		{447FEA96-62BC-45F0-9661-2ECE9EE7D0B9}.Release|x86.ActiveCfg = Release|Win32
		{447FEA96-62BC-45F0-9661-2ECE9EE7D0B9}.Release|x86.Build.0 = Release|Win32
		{12FABF9F-4CD4-4955-8702-EBBCD56882A0}.Debug|x64.ActiveCfg = Debug|x64
		{12FABF9F-4CD4-4955-8702-EBBCD56882A0}.Debug|x64.Build.0 = Debug|x64
		{12FABF9F-4CD4-4955-8702-EBBCD56882A0}.Debug|x86.ActiveCfg = Debug|Win32
		{12FABF9F-4CD4-4955-8702-EBBCD56882A0}.Debug|x86.Build.0 = Debug|Win32
		{12FABF9F-4CD4-4955-8702-EBBCD56882A0}.Release|x64.ActiveCfg = Release|x64
		{12FABF9F-4CD4-4955-8702-EBBCD56882A0}.Release|x64.Build.0 = Release|x64
		{12FABF9F-4CD4-4955-8702-EBBCD56882A0}.Release|x86.ActiveCfg = Release|Win32
		{12FABF9F-4CD4-4955-8702-EBBCD56882A0}.Release|x86.Build.0 = Release|Win32
		{8F7AFC08-6583-4EBF-BEE2-CA02509A4DDB}.Debug|x64.ActiveCfg = Debug|x64
		{8F7AFC08-6583-4EBF-BEE2-CA02509A4DDB}.Debug|x64.Build.0 = Debug|x64
		{8F7AFC08-6583-4EBF-BEE2-CA02509A4DDB}.Debug|x86.ActiveCfg = Debug|Win32
		{8F7AFC08-6583-4EBF-BEE2-CA02509A4DDB}.Debug|x86.Build.0 = Debug|Win32
		{8F7AFC08-6583-4EBF-BEE2-CA02509A4DDB}.Release|x64.ActiveCfg = Release|x64
		{8F7AFC08-6583-4EBF-BEE2-CA02509A4DDB}.Release|x64.Build.0 = Release|x64
		{8F7AFC08-6583-4EBF-BEE2-CA02509A4DDB}.Release|x86.ActiveCfg = Release|Win32
		{8F7AFC08-6583-4EBF-BEE2-CA02509A4DDB}.Release|x86.Build.0 = Release|Win32
		{7DBBB993-312A-4B4C-AE27-D1C35C96D4E6}.Debug|x64.ActiveCfg = Debug|x64
		{7DBBB993-312A-4B4C-AE27-D1C35C96D4E6}.Debug|x64.Build.0 = Debug|x64
		{7DBBB993-312A-4B4C-AE27-D1C35C96D4E6}.Debug|x86.ActiveCfg = Debug|Win32
		{7DBBB993-312A-4B4C-AE27-D1C35C96D4E6}.Debug|x86.Build.0 = Debug|Win32
		{7DBBB993-312A-4B4C-AE27-D1C35C96D4E6}.Release|x64.ActiveCfg = Release|x64
		{7DBBB993-312A-4B4C-AE27-D1C35C96D4E6}.Release|x64.Build.0 = Release|x64
		{7DBBB993-312A-4B4C-AE27-D1C35C96D4E6}.Release|x86.ActiveCfg = Release|Win32
		{7DBBB993-312A-4B4C-AE27-D1C35C96D4E6}.Release|x86.Build.0 = Release|Win32
		{454FA74E-A6BA-45C0-B56D-A23448314F6F}.Debug|x64.ActiveCfg = Debug|x64
		{454FA74E-A6BA-45C0-B56D-A23448314F6F}.Debug|x64.Build.0 = Debug|x64
		{454FA74E-A6BA-45C0-B56D-A23448314F6F}.Debug|x86.ActiveCfg = Debug|Win32
		{454FA74E-A6BA-45C0-B56D-A23448314F6F}.Debug|x86.Build.0 = Debug|Win32
		{454FA74E-A6BA-45C0-B56D-A23448314F6F}.Release|x64.ActiveCfg = Release|x64
		{454FA74E-A6BA-45C0-B56D-A23448314F6F}.Release|x64.Build.0 = Release|x64
		{454FA74E-A6BA-45C0-B56D-A23448314F6F}.Release|x86.ActiveCfg = Release|Win32
		{454FA74E-A6BA-45C0-B56D-A23448314F6F}.Release|x86.Build.0 = Release|Win32
		{039F0745-0240-4A3F-8CF5-5A7B72ABA6B9}.Debug|x64.ActiveCfg = Debug|x64
		{039F0745-0240-4A3F-8CF5-5A7B72ABA6B9}.Debug|x64.Build.0 = Debug|x64
		{039F0745-0240-4A3F-8CF5-5A7B72ABA6B9}.Debug|x86.ActiveCfg = Debug|Win32
		{039F0745-0240-4A3F-8CF5-5A7B72ABA6B9}.Debug|x86.Build.0 = Debug|Win32
		{039F0745-0240-4A3F-8CF5-5A7B72ABA6B9}.Release|x64.ActiveCfg = Release|x64
		{039F0745-0240-4A3F-8CF5-5A7B72ABA6B9}.Release|x64.Build.0 = Release|x64
		{039F0745-0240-4A3F-8CF5-5A7B72ABA6B9}.Release|x86.ActiveCfg = Release|Win32
		{039F0745-0240-4A3F-8CF5-5A7B72ABA6B9}.Release|x86.Build.0 = Release|Win32
		{D0E1248A-8758-4AE4-8C19-C9944FF33EB7}.Debug|x64.ActiveCfg = Debug|x64
		{D0E1248A-8758-4AE4-8C19-C9944FF33EB7}.Debug|x64.Build.0 = Debug|x64
		{D0E1248A-8758-4AE4-8C19-C9944FF33EB7}.Debug|x86.ActiveCfg = Debug|Win32
		{D0E1248A-8758-4AE4-8C19-C9944FF33EB7}.Debug|x86.Build.0 = Debug|Win32
		{D0E1248A-8758-4AE4-8C19-C9944FF33EB7}.Release|x64.ActiveCfg = Release|x64
		{D0E1248A-8758-4AE4-8C19-C9944FF33EB7}.Release|x64.Build.0 = Release|x64
		{D0E1248A-8758-4AE4-8C19-C9944FF33EB7}.Release|x86.ActiveCfg = Release|Win32
		{D0E1248A-8758-4AE4-8C19-C9944FF33EB7}.Release|x86.Build.0 = Release|Win32
	EndGlobalSection
	GlobalSection(SolutionProperties) = preSolution
		HideSolutionNode = FALSE
	EndGlobalSection
	GlobalSection(ExtensibilityGlobals) = postSolution
		SolutionGuid = {4C145121-AEC5-41CB-AEE0-5173D8F9EB68}
	EndGlobalSection
EndGlobal
