
Microsoft Visual Studio Solution File, Format Version 12.00
# Visual Studio Version 16
VisualStudioVersion = 16.0.32413.511
MinimumVisualStudioVersion = 10.0.40219.1
Project("{8BC9CEB8-8B4A-11D0-8D11-00A0C91BC942}") = "M01 回文", "M01 回文\M01 回文.vcxproj", "{A7734300-239D-493A-BEEE-A972A6D71627}"
EndProject
Project("{8BC9CEB8-8B4A-11D0-8D11-00A0C91BC942}") = "M02 返回学生分数为偶数的人", "M02 返回学生分数为偶数的人\M02 返回学生分数为偶数的人.vcxproj", "{6FEFD113-65D2-4DAF-903C-686AE02F7C00}"
EndProject
Project("{8BC9CEB8-8B4A-11D0-8D11-00A0C91BC942}") = "M03 accumulate和for_each", "M03 accumulate和for_each\M03 accumulate和for_each.vcxproj", "{D731972E-65DE-4F78-AAE3-9EC30D71F2B7}"
EndProject
Project("{8BC9CEB8-8B4A-11D0-8D11-00A0C91BC942}") = "M04 滑动窗口最大值", "M04 滑动窗口最大值\M04 滑动窗口最大值.vcxproj", "{72841311-1E93-493E-A0F0-24063FDF3615}"
EndProject
Project("{8BC9CEB8-8B4A-11D0-8D11-00A0C91BC942}") = "M05 并发std：：thread", "M05 并发std：：thread\M05 并发std：：thread.vcxproj", "{AE12FD42-B27F-429D-BEE6-D997F0890BF9}"
EndProject
Project("{8BC9CEB8-8B4A-11D0-8D11-00A0C91BC942}") = "M06 荷兰国旗问题-数组原地排序不用sort-双指针", "M06 荷兰国旗问题-数组原地排序不用sort-双指针\M06 荷兰国旗问题-数组原地排序不用sort-双指针.vcxproj", "{3C5F8756-E367-41FF-A961-84B0472E3250}"
EndProject
Project("{8BC9CEB8-8B4A-11D0-8D11-00A0C91BC942}") = "Test", "Test\Test.vcxproj", "{DA28CA33-8A75-4144-8324-D619346B9FD1}"
EndProject
Project("{8BC9CEB8-8B4A-11D0-8D11-00A0C91BC942}") = "M07 priority_queue", "M07 priority_queue\M07 priority_queue.vcxproj", "{BB752787-F45F-4709-AA27-1181C705BCAD}"
EndProject
Project("{8BC9CEB8-8B4A-11D0-8D11-00A0C91BC942}") = "M08 字母统计+排序", "M08 字母统计+排序\M08 字母统计+排序.vcxproj", "{F44FAC9C-402E-463C-9965-CA23EFA8E58A}"
EndProject
Global
	GlobalSection(SolutionConfigurationPlatforms) = preSolution
		Debug|x64 = Debug|x64
		Debug|x86 = Debug|x86
		Release|x64 = Release|x64
		Release|x86 = Release|x86
	EndGlobalSection
	GlobalSection(ProjectConfigurationPlatforms) = postSolution
		{A7734300-239D-493A-BEEE-A972A6D71627}.Debug|x64.ActiveCfg = Debug|x64
		{A7734300-239D-493A-BEEE-A972A6D71627}.Debug|x64.Build.0 = Debug|x64
		{A7734300-239D-493A-BEEE-A972A6D71627}.Debug|x86.ActiveCfg = Debug|Win32
		{A7734300-239D-493A-BEEE-A972A6D71627}.Debug|x86.Build.0 = Debug|Win32
		{A7734300-239D-493A-BEEE-A972A6D71627}.Release|x64.ActiveCfg = Release|x64
		{A7734300-239D-493A-BEEE-A972A6D71627}.Release|x64.Build.0 = Release|x64
		{A7734300-239D-493A-BEEE-A972A6D71627}.Release|x86.ActiveCfg = Release|Win32
		{A7734300-239D-493A-BEEE-A972A6D71627}.Release|x86.Build.0 = Release|Win32
		{6FEFD113-65D2-4DAF-903C-686AE02F7C00}.Debug|x64.ActiveCfg = Debug|x64
		{6FEFD113-65D2-4DAF-903C-686AE02F7C00}.Debug|x64.Build.0 = Debug|x64
		{6FEFD113-65D2-4DAF-903C-686AE02F7C00}.Debug|x86.ActiveCfg = Debug|Win32
		{6FEFD113-65D2-4DAF-903C-686AE02F7C00}.Debug|x86.Build.0 = Debug|Win32
		{6FEFD113-65D2-4DAF-903C-686AE02F7C00}.Release|x64.ActiveCfg = Release|x64
		{6FEFD113-65D2-4DAF-903C-686AE02F7C00}.Release|x64.Build.0 = Release|x64
		{6FEFD113-65D2-4DAF-903C-686AE02F7C00}.Release|x86.ActiveCfg = Release|Win32
		{6FEFD113-65D2-4DAF-903C-686AE02F7C00}.Release|x86.Build.0 = Release|Win32
		{D731972E-65DE-4F78-AAE3-9EC30D71F2B7}.Debug|x64.ActiveCfg = Debug|x64
		{D731972E-65DE-4F78-AAE3-9EC30D71F2B7}.Debug|x64.Build.0 = Debug|x64
		{D731972E-65DE-4F78-AAE3-9EC30D71F2B7}.Debug|x86.ActiveCfg = Debug|Win32
		{D731972E-65DE-4F78-AAE3-9EC30D71F2B7}.Debug|x86.Build.0 = Debug|Win32
		{D731972E-65DE-4F78-AAE3-9EC30D71F2B7}.Release|x64.ActiveCfg = Release|x64
		{D731972E-65DE-4F78-AAE3-9EC30D71F2B7}.Release|x64.Build.0 = Release|x64
		{D731972E-65DE-4F78-AAE3-9EC30D71F2B7}.Release|x86.ActiveCfg = Release|Win32
		{D731972E-65DE-4F78-AAE3-9EC30D71F2B7}.Release|x86.Build.0 = Release|Win32
		{72841311-1E93-493E-A0F0-24063FDF3615}.Debug|x64.ActiveCfg = Debug|x64
		{72841311-1E93-493E-A0F0-24063FDF3615}.Debug|x64.Build.0 = Debug|x64
		{72841311-1E93-493E-A0F0-24063FDF3615}.Debug|x86.ActiveCfg = Debug|Win32
		{72841311-1E93-493E-A0F0-24063FDF3615}.Debug|x86.Build.0 = Debug|Win32
		{72841311-1E93-493E-A0F0-24063FDF3615}.Release|x64.ActiveCfg = Release|x64
		{72841311-1E93-493E-A0F0-24063FDF3615}.Release|x64.Build.0 = Release|x64
		{72841311-1E93-493E-A0F0-24063FDF3615}.Release|x86.ActiveCfg = Release|Win32
		{72841311-1E93-493E-A0F0-24063FDF3615}.Release|x86.Build.0 = Release|Win32
		{AE12FD42-B27F-429D-BEE6-D997F0890BF9}.Debug|x64.ActiveCfg = Debug|x64
		{AE12FD42-B27F-429D-BEE6-D997F0890BF9}.Debug|x64.Build.0 = Debug|x64
		{AE12FD42-B27F-429D-BEE6-D997F0890BF9}.Debug|x86.ActiveCfg = Debug|Win32
		{AE12FD42-B27F-429D-BEE6-D997F0890BF9}.Debug|x86.Build.0 = Debug|Win32
		{AE12FD42-B27F-429D-BEE6-D997F0890BF9}.Release|x64.ActiveCfg = Release|x64
		{AE12FD42-B27F-429D-BEE6-D997F0890BF9}.Release|x64.Build.0 = Release|x64
		{AE12FD42-B27F-429D-BEE6-D997F0890BF9}.Release|x86.ActiveCfg = Release|Win32
		{AE12FD42-B27F-429D-BEE6-D997F0890BF9}.Release|x86.Build.0 = Release|Win32
		{3C5F8756-E367-41FF-A961-84B0472E3250}.Debug|x64.ActiveCfg = Debug|x64
		{3C5F8756-E367-41FF-A961-84B0472E3250}.Debug|x64.Build.0 = Debug|x64
		{3C5F8756-E367-41FF-A961-84B0472E3250}.Debug|x86.ActiveCfg = Debug|Win32
		{3C5F8756-E367-41FF-A961-84B0472E3250}.Debug|x86.Build.0 = Debug|Win32
		{3C5F8756-E367-41FF-A961-84B0472E3250}.Release|x64.ActiveCfg = Release|x64
		{3C5F8756-E367-41FF-A961-84B0472E3250}.Release|x64.Build.0 = Release|x64
		{3C5F8756-E367-41FF-A961-84B0472E3250}.Release|x86.ActiveCfg = Release|Win32
		{3C5F8756-E367-41FF-A961-84B0472E3250}.Release|x86.Build.0 = Release|Win32
		{DA28CA33-8A75-4144-8324-D619346B9FD1}.Debug|x64.ActiveCfg = Debug|x64
		{DA28CA33-8A75-4144-8324-D619346B9FD1}.Debug|x64.Build.0 = Debug|x64
		{DA28CA33-8A75-4144-8324-D619346B9FD1}.Debug|x86.ActiveCfg = Debug|Win32
		{DA28CA33-8A75-4144-8324-D619346B9FD1}.Debug|x86.Build.0 = Debug|Win32
		{DA28CA33-8A75-4144-8324-D619346B9FD1}.Release|x64.ActiveCfg = Release|x64
		{DA28CA33-8A75-4144-8324-D619346B9FD1}.Release|x64.Build.0 = Release|x64
		{DA28CA33-8A75-4144-8324-D619346B9FD1}.Release|x86.ActiveCfg = Release|Win32
		{DA28CA33-8A75-4144-8324-D619346B9FD1}.Release|x86.Build.0 = Release|Win32
		{BB752787-F45F-4709-AA27-1181C705BCAD}.Debug|x64.ActiveCfg = Debug|x64
		{BB752787-F45F-4709-AA27-1181C705BCAD}.Debug|x64.Build.0 = Debug|x64
		{BB752787-F45F-4709-AA27-1181C705BCAD}.Debug|x86.ActiveCfg = Debug|Win32
		{BB752787-F45F-4709-AA27-1181C705BCAD}.Debug|x86.Build.0 = Debug|Win32
		{BB752787-F45F-4709-AA27-1181C705BCAD}.Release|x64.ActiveCfg = Release|x64
		{BB752787-F45F-4709-AA27-1181C705BCAD}.Release|x64.Build.0 = Release|x64
		{BB752787-F45F-4709-AA27-1181C705BCAD}.Release|x86.ActiveCfg = Release|Win32
		{BB752787-F45F-4709-AA27-1181C705BCAD}.Release|x86.Build.0 = Release|Win32
		{F44FAC9C-402E-463C-9965-CA23EFA8E58A}.Debug|x64.ActiveCfg = Debug|x64
		{F44FAC9C-402E-463C-9965-CA23EFA8E58A}.Debug|x64.Build.0 = Debug|x64
		{F44FAC9C-402E-463C-9965-CA23EFA8E58A}.Debug|x86.ActiveCfg = Debug|Win32
		{F44FAC9C-402E-463C-9965-CA23EFA8E58A}.Debug|x86.Build.0 = Debug|Win32
		{F44FAC9C-402E-463C-9965-CA23EFA8E58A}.Release|x64.ActiveCfg = Release|x64
		{F44FAC9C-402E-463C-9965-CA23EFA8E58A}.Release|x64.Build.0 = Release|x64
		{F44FAC9C-402E-463C-9965-CA23EFA8E58A}.Release|x86.ActiveCfg = Release|Win32
		{F44FAC9C-402E-463C-9965-CA23EFA8E58A}.Release|x86.Build.0 = Release|Win32
	EndGlobalSection
	GlobalSection(SolutionProperties) = preSolution
		HideSolutionNode = FALSE
	EndGlobalSection
	GlobalSection(ExtensibilityGlobals) = postSolution
		SolutionGuid = {1310B449-7DB0-40B1-82F5-D32709F490C6}
	EndGlobalSection
EndGlobal
